
Microsoft Visual Studio Solution File, Format Version 12.00
# Visual Studio 15
VisualStudioVersion = 15.0.28010.2026
MinimumVisualStudioVersion = 10.0.40219.1
Project("{8BC9CEB8-8B4A-11D0-8D11-00A0C91BC942}") = "CppQuiz", "CppQuiz\CppQuiz.vcxproj", "{8709B620-3A68-4021-B912-6A7FBEA23641}"
EndProject
Project("{8BC9CEB8-8B4A-11D0-8D11-00A0C91BC942}") = "Q198", "Q198\Q198.vcxproj", "{51C7C799-FE6B-4A06-A3F7-F6E8405455EF}"
EndProject
Project("{8BC9CEB8-8B4A-11D0-8D11-00A0C91BC942}") = "Q190", "Q190\Q190.vcxproj", "{AA95AD1C-1A7E-467C-A9E9-8DE7E48E21AB}"
EndProject
Project("{8BC9CEB8-8B4A-11D0-8D11-00A0C91BC942}") = "Q17", "Q17\Q17.vcxproj", "{3F9481D9-8469-4433-8AA5-7C93957DA195}"
EndProject
Project("{8BC9CEB8-8B4A-11D0-8D11-00A0C91BC942}") = "Q7", "Q7\Q7.vcxproj", "{7AA012E8-BE81-4DA0-AA23-1412722E04F6}"
EndProject
Project("{8BC9CEB8-8B4A-11D0-8D11-00A0C91BC942}") = "Q161", "Q161\Q161.vcxproj", "{611480E3-AF17-4871-9B5C-D36481C63C44}"
EndProject
Project("{8BC9CEB8-8B4A-11D0-8D11-00A0C91BC942}") = "Q26", "Q26\Q26.vcxproj", "{CF0CA255-FCAD-47C3-8F64-F97413B9F6D7}"
EndProject
Project("{8BC9CEB8-8B4A-11D0-8D11-00A0C91BC942}") = "Q41", "Q41\Q41.vcxproj", "{8B94C521-5375-4E79-BC0D-2C8C2074FD37}"
EndProject
Project("{8BC9CEB8-8B4A-11D0-8D11-00A0C91BC942}") = "Q28", "Q28\Q28.vcxproj", "{6462E53C-6243-4EB0-A98B-379F14F6A338}"
EndProject
Project("{2150E333-8FDC-42A3-9474-1A3956D46DE8}") = "important", "important", "{18D5E86C-AC22-4F05-834D-EBFA39736238}"
EndProject
Project("{8BC9CEB8-8B4A-11D0-8D11-00A0C91BC942}") = "Q6", "Q6\Q6.vcxproj", "{CF1D38D2-2804-4FF4-BD38-CF92B75E9A15}"
EndProject
Project("{8BC9CEB8-8B4A-11D0-8D11-00A0C91BC942}") = "Q153", "Q153\Q153.vcxproj", "{87150772-C2B4-446F-AF99-1226F12C5EDE}"
EndProject
Project("{8BC9CEB8-8B4A-11D0-8D11-00A0C91BC942}") = "Q126", "Q126\Q126.vcxproj", "{8ABBCDA9-E756-47ED-9087-E4344886B4F9}"
EndProject
Project("{8BC9CEB8-8B4A-11D0-8D11-00A0C91BC942}") = "Q4", "Q4\Q4.vcxproj", "{0CFD1EAB-0446-4E67-9D62-F552D18677F5}"
EndProject
Project("{8BC9CEB8-8B4A-11D0-8D11-00A0C91BC942}") = "Q44", "Q44\Q44.vcxproj", "{FC4DCBA7-E46F-46C6-BADB-A6E1DF10D83B}"
EndProject
Project("{8BC9CEB8-8B4A-11D0-8D11-00A0C91BC942}") = "Q25", "Q25\Q25.vcxproj", "{6D6D3030-45E1-45AA-87F2-2F1ED076F7A9}"
EndProject
Project("{8BC9CEB8-8B4A-11D0-8D11-00A0C91BC942}") = "Q111", "Q111\Q111.vcxproj", "{A41C66C4-FF0A-4347-B146-9D31D39D61DC}"
EndProject
Project("{8BC9CEB8-8B4A-11D0-8D11-00A0C91BC942}") = "Q112", "Q112\Q112.vcxproj", "{A227F9CE-957C-48EA-84F8-95576346D46D}"
EndProject
Project("{8BC9CEB8-8B4A-11D0-8D11-00A0C91BC942}") = "Q9", "Q9\Q9.vcxproj", "{54E9B8B1-D2EE-444B-841E-8D69B2837B64}"
EndProject
Project("{8BC9CEB8-8B4A-11D0-8D11-00A0C91BC942}") = "Q2", "Q2\Q2.vcxproj", "{D7829383-0D53-4A8F-B8A2-93E88EB71C6A}"
EndProject
Project("{8BC9CEB8-8B4A-11D0-8D11-00A0C91BC942}") = "Q114", "Q114\Q114.vcxproj", "{E70CF23E-1A74-4FD1-87A1-894B43735DD0}"
EndProject
Project("{8BC9CEB8-8B4A-11D0-8D11-00A0C91BC942}") = "Q158", "Q158\Q158.vcxproj", "{8AFBE580-E8CB-4C8E-ABC8-275F2AEC36CA}"
EndProject
Project("{8BC9CEB8-8B4A-11D0-8D11-00A0C91BC942}") = "Q116", "Q116\Q116.vcxproj", "{CD2F4FC6-5D99-45FE-BFFB-8ACF727743E7}"
EndProject
Project("{8BC9CEB8-8B4A-11D0-8D11-00A0C91BC942}") = "Q147", "Q147\Q147.vcxproj", "{C09FBC11-736F-4864-BC18-8A327534A668}"
EndProject
Project("{8BC9CEB8-8B4A-11D0-8D11-00A0C91BC942}") = "Q24", "Q24\Q24.vcxproj", "{6BF36278-7E8C-44D9-BADA-AA80D91375D2}"
EndProject
Global
	GlobalSection(SolutionConfigurationPlatforms) = preSolution
		Debug|x64 = Debug|x64
		Debug|x86 = Debug|x86
		Release|x64 = Release|x64
		Release|x86 = Release|x86
	EndGlobalSection
	GlobalSection(ProjectConfigurationPlatforms) = postSolution
		{8709B620-3A68-4021-B912-6A7FBEA23641}.Debug|x64.ActiveCfg = Debug|x64
		{8709B620-3A68-4021-B912-6A7FBEA23641}.Debug|x64.Build.0 = Debug|x64
		{8709B620-3A68-4021-B912-6A7FBEA23641}.Debug|x86.ActiveCfg = Debug|Win32
		{8709B620-3A68-4021-B912-6A7FBEA23641}.Debug|x86.Build.0 = Debug|Win32
		{8709B620-3A68-4021-B912-6A7FBEA23641}.Release|x64.ActiveCfg = Release|x64
		{8709B620-3A68-4021-B912-6A7FBEA23641}.Release|x64.Build.0 = Release|x64
		{8709B620-3A68-4021-B912-6A7FBEA23641}.Release|x86.ActiveCfg = Release|Win32
		{8709B620-3A68-4021-B912-6A7FBEA23641}.Release|x86.Build.0 = Release|Win32
		{51C7C799-FE6B-4A06-A3F7-F6E8405455EF}.Debug|x64.ActiveCfg = Debug|x64
		{51C7C799-FE6B-4A06-A3F7-F6E8405455EF}.Debug|x64.Build.0 = Debug|x64
		{51C7C799-FE6B-4A06-A3F7-F6E8405455EF}.Debug|x86.ActiveCfg = Debug|Win32
		{51C7C799-FE6B-4A06-A3F7-F6E8405455EF}.Debug|x86.Build.0 = Debug|Win32
		{51C7C799-FE6B-4A06-A3F7-F6E8405455EF}.Release|x64.ActiveCfg = Release|x64
		{51C7C799-FE6B-4A06-A3F7-F6E8405455EF}.Release|x64.Build.0 = Release|x64
		{51C7C799-FE6B-4A06-A3F7-F6E8405455EF}.Release|x86.ActiveCfg = Release|Win32
		{51C7C799-FE6B-4A06-A3F7-F6E8405455EF}.Release|x86.Build.0 = Release|Win32
		{AA95AD1C-1A7E-467C-A9E9-8DE7E48E21AB}.Debug|x64.ActiveCfg = Debug|x64
		{AA95AD1C-1A7E-467C-A9E9-8DE7E48E21AB}.Debug|x64.Build.0 = Debug|x64
		{AA95AD1C-1A7E-467C-A9E9-8DE7E48E21AB}.Debug|x86.ActiveCfg = Debug|Win32
		{AA95AD1C-1A7E-467C-A9E9-8DE7E48E21AB}.Debug|x86.Build.0 = Debug|Win32
		{AA95AD1C-1A7E-467C-A9E9-8DE7E48E21AB}.Release|x64.ActiveCfg = Release|x64
		{AA95AD1C-1A7E-467C-A9E9-8DE7E48E21AB}.Release|x64.Build.0 = Release|x64
		{AA95AD1C-1A7E-467C-A9E9-8DE7E48E21AB}.Release|x86.ActiveCfg = Release|Win32
		{AA95AD1C-1A7E-467C-A9E9-8DE7E48E21AB}.Release|x86.Build.0 = Release|Win32
		{3F9481D9-8469-4433-8AA5-7C93957DA195}.Debug|x64.ActiveCfg = Debug|x64
		{3F9481D9-8469-4433-8AA5-7C93957DA195}.Debug|x64.Build.0 = Debug|x64
		{3F9481D9-8469-4433-8AA5-7C93957DA195}.Debug|x86.ActiveCfg = Debug|Win32
		{3F9481D9-8469-4433-8AA5-7C93957DA195}.Debug|x86.Build.0 = Debug|Win32
		{3F9481D9-8469-4433-8AA5-7C93957DA195}.Release|x64.ActiveCfg = Release|x64
		{3F9481D9-8469-4433-8AA5-7C93957DA195}.Release|x64.Build.0 = Release|x64
		{3F9481D9-8469-4433-8AA5-7C93957DA195}.Release|x86.ActiveCfg = Release|Win32
		{3F9481D9-8469-4433-8AA5-7C93957DA195}.Release|x86.Build.0 = Release|Win32
		{7AA012E8-BE81-4DA0-AA23-1412722E04F6}.Debug|x64.ActiveCfg = Debug|x64
		{7AA012E8-BE81-4DA0-AA23-1412722E04F6}.Debug|x64.Build.0 = Debug|x64
		{7AA012E8-BE81-4DA0-AA23-1412722E04F6}.Debug|x86.ActiveCfg = Debug|Win32
		{7AA012E8-BE81-4DA0-AA23-1412722E04F6}.Debug|x86.Build.0 = Debug|Win32
		{7AA012E8-BE81-4DA0-AA23-1412722E04F6}.Release|x64.ActiveCfg = Release|x64
		{7AA012E8-BE81-4DA0-AA23-1412722E04F6}.Release|x64.Build.0 = Release|x64
		{7AA012E8-BE81-4DA0-AA23-1412722E04F6}.Release|x86.ActiveCfg = Release|Win32
		{7AA012E8-BE81-4DA0-AA23-1412722E04F6}.Release|x86.Build.0 = Release|Win32
		{611480E3-AF17-4871-9B5C-D36481C63C44}.Debug|x64.ActiveCfg = Debug|x64
		{611480E3-AF17-4871-9B5C-D36481C63C44}.Debug|x64.Build.0 = Debug|x64
		{611480E3-AF17-4871-9B5C-D36481C63C44}.Debug|x86.ActiveCfg = Debug|Win32
		{611480E3-AF17-4871-9B5C-D36481C63C44}.Debug|x86.Build.0 = Debug|Win32
		{611480E3-AF17-4871-9B5C-D36481C63C44}.Release|x64.ActiveCfg = Release|x64
		{611480E3-AF17-4871-9B5C-D36481C63C44}.Release|x64.Build.0 = Release|x64
		{611480E3-AF17-4871-9B5C-D36481C63C44}.Release|x86.ActiveCfg = Release|Win32
		{611480E3-AF17-4871-9B5C-D36481C63C44}.Release|x86.Build.0 = Release|Win32
		{CF0CA255-FCAD-47C3-8F64-F97413B9F6D7}.Debug|x64.ActiveCfg = Debug|x64
		{CF0CA255-FCAD-47C3-8F64-F97413B9F6D7}.Debug|x64.Build.0 = Debug|x64
		{CF0CA255-FCAD-47C3-8F64-F97413B9F6D7}.Debug|x86.ActiveCfg = Debug|Win32
		{CF0CA255-FCAD-47C3-8F64-F97413B9F6D7}.Debug|x86.Build.0 = Debug|Win32
		{CF0CA255-FCAD-47C3-8F64-F97413B9F6D7}.Release|x64.ActiveCfg = Release|x64
		{CF0CA255-FCAD-47C3-8F64-F97413B9F6D7}.Release|x64.Build.0 = Release|x64
		{CF0CA255-FCAD-47C3-8F64-F97413B9F6D7}.Release|x86.ActiveCfg = Release|Win32
		{CF0CA255-FCAD-47C3-8F64-F97413B9F6D7}.Release|x86.Build.0 = Release|Win32
		{8B94C521-5375-4E79-BC0D-2C8C2074FD37}.Debug|x64.ActiveCfg = Debug|x64
		{8B94C521-5375-4E79-BC0D-2C8C2074FD37}.Debug|x64.Build.0 = Debug|x64
		{8B94C521-5375-4E79-BC0D-2C8C2074FD37}.Debug|x86.ActiveCfg = Debug|Win32
		{8B94C521-5375-4E79-BC0D-2C8C2074FD37}.Debug|x86.Build.0 = Debug|Win32
		{8B94C521-5375-4E79-BC0D-2C8C2074FD37}.Release|x64.ActiveCfg = Release|x64
		{8B94C521-5375-4E79-BC0D-2C8C2074FD37}.Release|x64.Build.0 = Release|x64
		{8B94C521-5375-4E79-BC0D-2C8C2074FD37}.Release|x86.ActiveCfg = Release|Win32
		{8B94C521-5375-4E79-BC0D-2C8C2074FD37}.Release|x86.Build.0 = Release|Win32
		{6462E53C-6243-4EB0-A98B-379F14F6A338}.Debug|x64.ActiveCfg = Debug|x64
		{6462E53C-6243-4EB0-A98B-379F14F6A338}.Debug|x64.Build.0 = Debug|x64
		{6462E53C-6243-4EB0-A98B-379F14F6A338}.Debug|x86.ActiveCfg = Debug|Win32
		{6462E53C-6243-4EB0-A98B-379F14F6A338}.Debug|x86.Build.0 = Debug|Win32
		{6462E53C-6243-4EB0-A98B-379F14F6A338}.Release|x64.ActiveCfg = Release|x64
		{6462E53C-6243-4EB0-A98B-379F14F6A338}.Release|x64.Build.0 = Release|x64
		{6462E53C-6243-4EB0-A98B-379F14F6A338}.Release|x86.ActiveCfg = Release|Win32
		{6462E53C-6243-4EB0-A98B-379F14F6A338}.Release|x86.Build.0 = Release|Win32
		{CF1D38D2-2804-4FF4-BD38-CF92B75E9A15}.Debug|x64.ActiveCfg = Debug|x64
		{CF1D38D2-2804-4FF4-BD38-CF92B75E9A15}.Debug|x64.Build.0 = Debug|x64
		{CF1D38D2-2804-4FF4-BD38-CF92B75E9A15}.Debug|x86.ActiveCfg = Debug|Win32
		{CF1D38D2-2804-4FF4-BD38-CF92B75E9A15}.Debug|x86.Build.0 = Debug|Win32
		{CF1D38D2-2804-4FF4-BD38-CF92B75E9A15}.Release|x64.ActiveCfg = Release|x64
		{CF1D38D2-2804-4FF4-BD38-CF92B75E9A15}.Release|x64.Build.0 = Release|x64
		{CF1D38D2-2804-4FF4-BD38-CF92B75E9A15}.Release|x86.ActiveCfg = Release|Win32
		{CF1D38D2-2804-4FF4-BD38-CF92B75E9A15}.Release|x86.Build.0 = Release|Win32
		{87150772-C2B4-446F-AF99-1226F12C5EDE}.Debug|x64.ActiveCfg = Debug|x64
		{87150772-C2B4-446F-AF99-1226F12C5EDE}.Debug|x64.Build.0 = Debug|x64
		{87150772-C2B4-446F-AF99-1226F12C5EDE}.Debug|x86.ActiveCfg = Debug|Win32
		{87150772-C2B4-446F-AF99-1226F12C5EDE}.Debug|x86.Build.0 = Debug|Win32
		{87150772-C2B4-446F-AF99-1226F12C5EDE}.Release|x64.ActiveCfg = Release|x64
		{87150772-C2B4-446F-AF99-1226F12C5EDE}.Release|x64.Build.0 = Release|x64
		{87150772-C2B4-446F-AF99-1226F12C5EDE}.Release|x86.ActiveCfg = Release|Win32
		{87150772-C2B4-446F-AF99-1226F12C5EDE}.Release|x86.Build.0 = Release|Win32
		{8ABBCDA9-E756-47ED-9087-E4344886B4F9}.Debug|x64.ActiveCfg = Debug|x64
		{8ABBCDA9-E756-47ED-9087-E4344886B4F9}.Debug|x64.Build.0 = Debug|x64
		{8ABBCDA9-E756-47ED-9087-E4344886B4F9}.Debug|x86.ActiveCfg = Debug|Win32
		{8ABBCDA9-E756-47ED-9087-E4344886B4F9}.Debug|x86.Build.0 = Debug|Win32
		{8ABBCDA9-E756-47ED-9087-E4344886B4F9}.Release|x64.ActiveCfg = Release|x64
		{8ABBCDA9-E756-47ED-9087-E4344886B4F9}.Release|x64.Build.0 = Release|x64
		{8ABBCDA9-E756-47ED-9087-E4344886B4F9}.Release|x86.ActiveCfg = Release|Win32
		{8ABBCDA9-E756-47ED-9087-E4344886B4F9}.Release|x86.Build.0 = Release|Win32
		{0CFD1EAB-0446-4E67-9D62-F552D18677F5}.Debug|x64.ActiveCfg = Debug|x64
		{0CFD1EAB-0446-4E67-9D62-F552D18677F5}.Debug|x64.Build.0 = Debug|x64
		{0CFD1EAB-0446-4E67-9D62-F552D18677F5}.Debug|x86.ActiveCfg = Debug|Win32
		{0CFD1EAB-0446-4E67-9D62-F552D18677F5}.Debug|x86.Build.0 = Debug|Win32
		{0CFD1EAB-0446-4E67-9D62-F552D18677F5}.Release|x64.ActiveCfg = Release|x64
		{0CFD1EAB-0446-4E67-9D62-F552D18677F5}.Release|x64.Build.0 = Release|x64
		{0CFD1EAB-0446-4E67-9D62-F552D18677F5}.Release|x86.ActiveCfg = Release|Win32
		{0CFD1EAB-0446-4E67-9D62-F552D18677F5}.Release|x86.Build.0 = Release|Win32
		{FC4DCBA7-E46F-46C6-BADB-A6E1DF10D83B}.Debug|x64.ActiveCfg = Debug|x64
		{FC4DCBA7-E46F-46C6-BADB-A6E1DF10D83B}.Debug|x64.Build.0 = Debug|x64
		{FC4DCBA7-E46F-46C6-BADB-A6E1DF10D83B}.Debug|x86.ActiveCfg = Debug|Win32
		{FC4DCBA7-E46F-46C6-BADB-A6E1DF10D83B}.Debug|x86.Build.0 = Debug|Win32
		{FC4DCBA7-E46F-46C6-BADB-A6E1DF10D83B}.Release|x64.ActiveCfg = Release|x64
		{FC4DCBA7-E46F-46C6-BADB-A6E1DF10D83B}.Release|x64.Build.0 = Release|x64
		{FC4DCBA7-E46F-46C6-BADB-A6E1DF10D83B}.Release|x86.ActiveCfg = Release|Win32
		{FC4DCBA7-E46F-46C6-BADB-A6E1DF10D83B}.Release|x86.Build.0 = Release|Win32
		{6D6D3030-45E1-45AA-87F2-2F1ED076F7A9}.Debug|x64.ActiveCfg = Debug|x64
		{6D6D3030-45E1-45AA-87F2-2F1ED076F7A9}.Debug|x64.Build.0 = Debug|x64
		{6D6D3030-45E1-45AA-87F2-2F1ED076F7A9}.Debug|x86.ActiveCfg = Debug|Win32
		{6D6D3030-45E1-45AA-87F2-2F1ED076F7A9}.Debug|x86.Build.0 = Debug|Win32
		{6D6D3030-45E1-45AA-87F2-2F1ED076F7A9}.Release|x64.ActiveCfg = Release|x64
		{6D6D3030-45E1-45AA-87F2-2F1ED076F7A9}.Release|x64.Build.0 = Release|x64
		{6D6D3030-45E1-45AA-87F2-2F1ED076F7A9}.Release|x86.ActiveCfg = Release|Win32
		{6D6D3030-45E1-45AA-87F2-2F1ED076F7A9}.Release|x86.Build.0 = Release|Win32
		{A41C66C4-FF0A-4347-B146-9D31D39D61DC}.Debug|x64.ActiveCfg = Debug|x64
		{A41C66C4-FF0A-4347-B146-9D31D39D61DC}.Debug|x64.Build.0 = Debug|x64
		{A41C66C4-FF0A-4347-B146-9D31D39D61DC}.Debug|x86.ActiveCfg = Debug|Win32
		{A41C66C4-FF0A-4347-B146-9D31D39D61DC}.Debug|x86.Build.0 = Debug|Win32
		{A41C66C4-FF0A-4347-B146-9D31D39D61DC}.Release|x64.ActiveCfg = Release|x64
		{A41C66C4-FF0A-4347-B146-9D31D39D61DC}.Release|x64.Build.0 = Release|x64
		{A41C66C4-FF0A-4347-B146-9D31D39D61DC}.Release|x86.ActiveCfg = Release|Win32
		{A41C66C4-FF0A-4347-B146-9D31D39D61DC}.Release|x86.Build.0 = Release|Win32
		{A227F9CE-957C-48EA-84F8-95576346D46D}.Debug|x64.ActiveCfg = Debug|x64
		{A227F9CE-957C-48EA-84F8-95576346D46D}.Debug|x64.Build.0 = Debug|x64
		{A227F9CE-957C-48EA-84F8-95576346D46D}.Debug|x86.ActiveCfg = Debug|Win32
		{A227F9CE-957C-48EA-84F8-95576346D46D}.Debug|x86.Build.0 = Debug|Win32
		{A227F9CE-957C-48EA-84F8-95576346D46D}.Release|x64.ActiveCfg = Release|x64
		{A227F9CE-957C-48EA-84F8-95576346D46D}.Release|x64.Build.0 = Release|x64
		{A227F9CE-957C-48EA-84F8-95576346D46D}.Release|x86.ActiveCfg = Release|Win32
		{A227F9CE-957C-48EA-84F8-95576346D46D}.Release|x86.Build.0 = Release|Win32
		{54E9B8B1-D2EE-444B-841E-8D69B2837B64}.Debug|x64.ActiveCfg = Debug|x64
		{54E9B8B1-D2EE-444B-841E-8D69B2837B64}.Debug|x64.Build.0 = Debug|x64
		{54E9B8B1-D2EE-444B-841E-8D69B2837B64}.Debug|x86.ActiveCfg = Debug|Win32
		{54E9B8B1-D2EE-444B-841E-8D69B2837B64}.Debug|x86.Build.0 = Debug|Win32
		{54E9B8B1-D2EE-444B-841E-8D69B2837B64}.Release|x64.ActiveCfg = Release|x64
		{54E9B8B1-D2EE-444B-841E-8D69B2837B64}.Release|x64.Build.0 = Release|x64
		{54E9B8B1-D2EE-444B-841E-8D69B2837B64}.Release|x86.ActiveCfg = Release|Win32
		{54E9B8B1-D2EE-444B-841E-8D69B2837B64}.Release|x86.Build.0 = Release|Win32
		{D7829383-0D53-4A8F-B8A2-93E88EB71C6A}.Debug|x64.ActiveCfg = Debug|x64
		{D7829383-0D53-4A8F-B8A2-93E88EB71C6A}.Debug|x64.Build.0 = Debug|x64
		{D7829383-0D53-4A8F-B8A2-93E88EB71C6A}.Debug|x86.ActiveCfg = Debug|Win32
		{D7829383-0D53-4A8F-B8A2-93E88EB71C6A}.Debug|x86.Build.0 = Debug|Win32
		{D7829383-0D53-4A8F-B8A2-93E88EB71C6A}.Release|x64.ActiveCfg = Release|x64
		{D7829383-0D53-4A8F-B8A2-93E88EB71C6A}.Release|x64.Build.0 = Release|x64
		{D7829383-0D53-4A8F-B8A2-93E88EB71C6A}.Release|x86.ActiveCfg = Release|Win32
		{D7829383-0D53-4A8F-B8A2-93E88EB71C6A}.Release|x86.Build.0 = Release|Win32
		{E70CF23E-1A74-4FD1-87A1-894B43735DD0}.Debug|x64.ActiveCfg = Debug|x64
		{E70CF23E-1A74-4FD1-87A1-894B43735DD0}.Debug|x64.Build.0 = Debug|x64
		{E70CF23E-1A74-4FD1-87A1-894B43735DD0}.Debug|x86.ActiveCfg = Debug|Win32
		{E70CF23E-1A74-4FD1-87A1-894B43735DD0}.Debug|x86.Build.0 = Debug|Win32
		{E70CF23E-1A74-4FD1-87A1-894B43735DD0}.Release|x64.ActiveCfg = Release|x64
		{E70CF23E-1A74-4FD1-87A1-894B43735DD0}.Release|x64.Build.0 = Release|x64
		{E70CF23E-1A74-4FD1-87A1-894B43735DD0}.Release|x86.ActiveCfg = Release|Win32
		{E70CF23E-1A74-4FD1-87A1-894B43735DD0}.Release|x86.Build.0 = Release|Win32
		{8AFBE580-E8CB-4C8E-ABC8-275F2AEC36CA}.Debug|x64.ActiveCfg = Debug|x64
		{8AFBE580-E8CB-4C8E-ABC8-275F2AEC36CA}.Debug|x64.Build.0 = Debug|x64
		{8AFBE580-E8CB-4C8E-ABC8-275F2AEC36CA}.Debug|x86.ActiveCfg = Debug|Win32
		{8AFBE580-E8CB-4C8E-ABC8-275F2AEC36CA}.Debug|x86.Build.0 = Debug|Win32
		{8AFBE580-E8CB-4C8E-ABC8-275F2AEC36CA}.Release|x64.ActiveCfg = Release|x64
		{8AFBE580-E8CB-4C8E-ABC8-275F2AEC36CA}.Release|x64.Build.0 = Release|x64
		{8AFBE580-E8CB-4C8E-ABC8-275F2AEC36CA}.Release|x86.ActiveCfg = Release|Win32
		{8AFBE580-E8CB-4C8E-ABC8-275F2AEC36CA}.Release|x86.Build.0 = Release|Win32
		{CD2F4FC6-5D99-45FE-BFFB-8ACF727743E7}.Debug|x64.ActiveCfg = Debug|x64
		{CD2F4FC6-5D99-45FE-BFFB-8ACF727743E7}.Debug|x64.Build.0 = Debug|x64
		{CD2F4FC6-5D99-45FE-BFFB-8ACF727743E7}.Debug|x86.ActiveCfg = Debug|Win32
		{CD2F4FC6-5D99-45FE-BFFB-8ACF727743E7}.Debug|x86.Build.0 = Debug|Win32
		{CD2F4FC6-5D99-45FE-BFFB-8ACF727743E7}.Release|x64.ActiveCfg = Release|x64
		{CD2F4FC6-5D99-45FE-BFFB-8ACF727743E7}.Release|x64.Build.0 = Release|x64
		{CD2F4FC6-5D99-45FE-BFFB-8ACF727743E7}.Release|x86.ActiveCfg = Release|Win32
		{CD2F4FC6-5D99-45FE-BFFB-8ACF727743E7}.Release|x86.Build.0 = Release|Win32
		{C09FBC11-736F-4864-BC18-8A327534A668}.Debug|x64.ActiveCfg = Debug|x64
		{C09FBC11-736F-4864-BC18-8A327534A668}.Debug|x64.Build.0 = Debug|x64
		{C09FBC11-736F-4864-BC18-8A327534A668}.Debug|x86.ActiveCfg = Debug|Win32
		{C09FBC11-736F-4864-BC18-8A327534A668}.Debug|x86.Build.0 = Debug|Win32
		{C09FBC11-736F-4864-BC18-8A327534A668}.Release|x64.ActiveCfg = Release|x64
		{C09FBC11-736F-4864-BC18-8A327534A668}.Release|x64.Build.0 = Release|x64
		{C09FBC11-736F-4864-BC18-8A327534A668}.Release|x86.ActiveCfg = Release|Win32
		{C09FBC11-736F-4864-BC18-8A327534A668}.Release|x86.Build.0 = Release|Win32
		{6BF36278-7E8C-44D9-BADA-AA80D91375D2}.Debug|x64.ActiveCfg = Debug|x64
		{6BF36278-7E8C-44D9-BADA-AA80D91375D2}.Debug|x64.Build.0 = Debug|x64
		{6BF36278-7E8C-44D9-BADA-AA80D91375D2}.Debug|x86.ActiveCfg = Debug|Win32
		{6BF36278-7E8C-44D9-BADA-AA80D91375D2}.Debug|x86.Build.0 = Debug|Win32
		{6BF36278-7E8C-44D9-BADA-AA80D91375D2}.Release|x64.ActiveCfg = Release|x64
		{6BF36278-7E8C-44D9-BADA-AA80D91375D2}.Release|x64.Build.0 = Release|x64
		{6BF36278-7E8C-44D9-BADA-AA80D91375D2}.Release|x86.ActiveCfg = Release|Win32
		{6BF36278-7E8C-44D9-BADA-AA80D91375D2}.Release|x86.Build.0 = Release|Win32
	EndGlobalSection
	GlobalSection(SolutionProperties) = preSolution
		HideSolutionNode = FALSE
	EndGlobalSection
	GlobalSection(NestedProjects) = preSolution
		{6462E53C-6243-4EB0-A98B-379F14F6A338} = {18D5E86C-AC22-4F05-834D-EBFA39736238}
	EndGlobalSection
	GlobalSection(ExtensibilityGlobals) = postSolution
		SolutionGuid = {4691C111-BCD3-42AF-B646-5183DCEE09EC}
	EndGlobalSection
EndGlobal
