
Microsoft Visual Studio Solution File, Format Version 12.00
# Visual Studio 15
VisualStudioVersion = 15.0.28010.2026
MinimumVisualStudioVersion = 10.0.40219.1
Project("{8BC9CEB8-8B4A-11D0-8D11-00A0C91BC942}") = "CppQuiz", "CppQuiz\CppQuiz.vcxproj", "{8709B620-3A68-4021-B912-6A7FBEA23641}"
EndProject
Project("{8BC9CEB8-8B4A-11D0-8D11-00A0C91BC942}") = "Q198", "Q198\Q198.vcxproj", "{51C7C799-FE6B-4A06-A3F7-F6E8405455EF}"
EndProject
Project("{8BC9CEB8-8B4A-11D0-8D11-00A0C91BC942}") = "Q190", "Q190\Q190.vcxproj", "{AA95AD1C-1A7E-467C-A9E9-8DE7E48E21AB}"
EndProject
Project("{8BC9CEB8-8B4A-11D0-8D11-00A0C91BC942}") = "Q17", "Q17\Q17.vcxproj", "{3F9481D9-8469-4433-8AA5-7C93957DA195}"
EndProject
Project("{8BC9CEB8-8B4A-11D0-8D11-00A0C91BC942}") = "Q7", "Q7\Q7.vcxproj", "{7AA012E8-BE81-4DA0-AA23-1412722E04F6}"
EndProject
Project("{8BC9CEB8-8B4A-11D0-8D11-00A0C91BC942}") = "Q161", "Q161\Q161.vcxproj", "{611480E3-AF17-4871-9B5C-D36481C63C44}"
EndProject
Project("{8BC9CEB8-8B4A-11D0-8D11-00A0C91BC942}") = "Q26", "Q26\Q26.vcxproj", "{CF0CA255-FCAD-47C3-8F64-F97413B9F6D7}"
EndProject
Project("{8BC9CEB8-8B4A-11D0-8D11-00A0C91BC942}") = "Q41", "Q41\Q41.vcxproj", "{8B94C521-5375-4E79-BC0D-2C8C2074FD37}"
EndProject
Project("{8BC9CEB8-8B4A-11D0-8D11-00A0C91BC942}") = "Q28", "Q28\Q28.vcxproj", "{6462E53C-6243-4EB0-A98B-379F14F6A338}"
EndProject
Project("{2150E333-8FDC-42A3-9474-1A3956D46DE8}") = "important", "important", "{18D5E86C-AC22-4F05-834D-EBFA39736238}"
EndProject
Project("{8BC9CEB8-8B4A-11D0-8D11-00A0C91BC942}") = "Q6", "Q6\Q6.vcxproj", "{CF1D38D2-2804-4FF4-BD38-CF92B75E9A15}"
EndProject
Project("{8BC9CEB8-8B4A-11D0-8D11-00A0C91BC942}") = "Q153", "Q153\Q153.vcxproj", "{87150772-C2B4-446F-AF99-1226F12C5EDE}"
EndProject
Global
	GlobalSection(SolutionConfigurationPlatforms) = preSolution
		Debug|x64 = Debug|x64
		Debug|x86 = Debug|x86
		Release|x64 = Release|x64
		Release|x86 = Release|x86
	EndGlobalSection
	GlobalSection(ProjectConfigurationPlatforms) = postSolution
		{8709B620-3A68-4021-B912-6A7FBEA23641}.Debug|x64.ActiveCfg = Debug|x64
		{8709B620-3A68-4021-B912-6A7FBEA23641}.Debug|x64.Build.0 = Debug|x64
		{8709B620-3A68-4021-B912-6A7FBEA23641}.Debug|x86.ActiveCfg = Debug|Win32
		{8709B620-3A68-4021-B912-6A7FBEA23641}.Debug|x86.Build.0 = Debug|Win32
		{8709B620-3A68-4021-B912-6A7FBEA23641}.Release|x64.ActiveCfg = Release|x64
		{8709B620-3A68-4021-B912-6A7FBEA23641}.Release|x64.Build.0 = Release|x64
		{8709B620-3A68-4021-B912-6A7FBEA23641}.Release|x86.ActiveCfg = Release|Win32
		{8709B620-3A68-4021-B912-6A7FBEA23641}.Release|x86.Build.0 = Release|Win32
		{51C7C799-FE6B-4A06-A3F7-F6E8405455EF}.Debug|x64.ActiveCfg = Debug|x64
		{51C7C799-FE6B-4A06-A3F7-F6E8405455EF}.Debug|x64.Build.0 = Debug|x64
		{51C7C799-FE6B-4A06-A3F7-F6E8405455EF}.Debug|x86.ActiveCfg = Debug|Win32
		{51C7C799-FE6B-4A06-A3F7-F6E8405455EF}.Debug|x86.Build.0 = Debug|Win32
		{51C7C799-FE6B-4A06-A3F7-F6E8405455EF}.Release|x64.ActiveCfg = Release|x64
		{51C7C799-FE6B-4A06-A3F7-F6E8405455EF}.Release|x64.Build.0 = Release|x64
		{51C7C799-FE6B-4A06-A3F7-F6E8405455EF}.Release|x86.ActiveCfg = Release|Win32
		{51C7C799-FE6B-4A06-A3F7-F6E8405455EF}.Release|x86.Build.0 = Release|Win32
		{AA95AD1C-1A7E-467C-A9E9-8DE7E48E21AB}.Debug|x64.ActiveCfg = Debug|x64
		{AA95AD1C-1A7E-467C-A9E9-8DE7E48E21AB}.Debug|x64.Build.0 = Debug|x64
		{AA95AD1C-1A7E-467C-A9E9-8DE7E48E21AB}.Debug|x86.ActiveCfg = Debug|Win32
		{AA95AD1C-1A7E-467C-A9E9-8DE7E48E21AB}.Debug|x86.Build.0 = Debug|Win32
		{AA95AD1C-1A7E-467C-A9E9-8DE7E48E21AB}.Release|x64.ActiveCfg = Release|x64
		{AA95AD1C-1A7E-467C-A9E9-8DE7E48E21AB}.Release|x64.Build.0 = Release|x64
		{AA95AD1C-1A7E-467C-A9E9-8DE7E48E21AB}.Release|x86.ActiveCfg = Release|Win32
		{AA95AD1C-1A7E-467C-A9E9-8DE7E48E21AB}.Release|x86.Build.0 = Release|Win32
		{3F9481D9-8469-4433-8AA5-7C93957DA195}.Debug|x64.ActiveCfg = Debug|x64
		{3F9481D9-8469-4433-8AA5-7C93957DA195}.Debug|x64.Build.0 = Debug|x64
		{3F9481D9-8469-4433-8AA5-7C93957DA195}.Debug|x86.ActiveCfg = Debug|Win32
		{3F9481D9-8469-4433-8AA5-7C93957DA195}.Debug|x86.Build.0 = Debug|Win32
		{3F9481D9-8469-4433-8AA5-7C93957DA195}.Release|x64.ActiveCfg = Release|x64
		{3F9481D9-8469-4433-8AA5-7C93957DA195}.Release|x64.Build.0 = Release|x64
		{3F9481D9-8469-4433-8AA5-7C93957DA195}.Release|x86.ActiveCfg = Release|Win32
		{3F9481D9-8469-4433-8AA5-7C93957DA195}.Release|x86.Build.0 = Release|Win32
		{7AA012E8-BE81-4DA0-AA23-1412722E04F6}.Debug|x64.ActiveCfg = Debug|x64
		{7AA012E8-BE81-4DA0-AA23-1412722E04F6}.Debug|x64.Build.0 = Debug|x64
		{7AA012E8-BE81-4DA0-AA23-1412722E04F6}.Debug|x86.ActiveCfg = Debug|Win32
		{7AA012E8-BE81-4DA0-AA23-1412722E04F6}.Debug|x86.Build.0 = Debug|Win32
		{7AA012E8-BE81-4DA0-AA23-1412722E04F6}.Release|x64.ActiveCfg = Release|x64
		{7AA012E8-BE81-4DA0-AA23-1412722E04F6}.Release|x64.Build.0 = Release|x64
		{7AA012E8-BE81-4DA0-AA23-1412722E04F6}.Release|x86.ActiveCfg = Release|Win32
		{7AA012E8-BE81-4DA0-AA23-1412722E04F6}.Release|x86.Build.0 = Release|Win32
		{611480E3-AF17-4871-9B5C-D36481C63C44}.Debug|x64.ActiveCfg = Debug|x64
		{611480E3-AF17-4871-9B5C-D36481C63C44}.Debug|x64.Build.0 = Debug|x64
		{611480E3-AF17-4871-9B5C-D36481C63C44}.Debug|x86.ActiveCfg = Debug|Win32
		{611480E3-AF17-4871-9B5C-D36481C63C44}.Debug|x86.Build.0 = Debug|Win32
		{611480E3-AF17-4871-9B5C-D36481C63C44}.Release|x64.ActiveCfg = Release|x64
		{611480E3-AF17-4871-9B5C-D36481C63C44}.Release|x64.Build.0 = Release|x64
		{611480E3-AF17-4871-9B5C-D36481C63C44}.Release|x86.ActiveCfg = Release|Win32
		{611480E3-AF17-4871-9B5C-D36481C63C44}.Release|x86.Build.0 = Release|Win32
		{CF0CA255-FCAD-47C3-8F64-F97413B9F6D7}.Debug|x64.ActiveCfg = Debug|x64
		{CF0CA255-FCAD-47C3-8F64-F97413B9F6D7}.Debug|x64.Build.0 = Debug|x64
		{CF0CA255-FCAD-47C3-8F64-F97413B9F6D7}.Debug|x86.ActiveCfg = Debug|Win32
		{CF0CA255-FCAD-47C3-8F64-F97413B9F6D7}.Debug|x86.Build.0 = Debug|Win32
		{CF0CA255-FCAD-47C3-8F64-F97413B9F6D7}.Release|x64.ActiveCfg = Release|x64
		{CF0CA255-FCAD-47C3-8F64-F97413B9F6D7}.Release|x64.Build.0 = Release|x64
		{CF0CA255-FCAD-47C3-8F64-F97413B9F6D7}.Release|x86.ActiveCfg = Release|Win32
		{CF0CA255-FCAD-47C3-8F64-F97413B9F6D7}.Release|x86.Build.0 = Release|Win32
		{8B94C521-5375-4E79-BC0D-2C8C2074FD37}.Debug|x64.ActiveCfg = Debug|x64
		{8B94C521-5375-4E79-BC0D-2C8C2074FD37}.Debug|x64.Build.0 = Debug|x64
		{8B94C521-5375-4E79-BC0D-2C8C2074FD37}.Debug|x86.ActiveCfg = Debug|Win32
		{8B94C521-5375-4E79-BC0D-2C8C2074FD37}.Debug|x86.Build.0 = Debug|Win32
		{8B94C521-5375-4E79-BC0D-2C8C2074FD37}.Release|x64.ActiveCfg = Release|x64
		{8B94C521-5375-4E79-BC0D-2C8C2074FD37}.Release|x64.Build.0 = Release|x64
		{8B94C521-5375-4E79-BC0D-2C8C2074FD37}.Release|x86.ActiveCfg = Release|Win32
		{8B94C521-5375-4E79-BC0D-2C8C2074FD37}.Release|x86.Build.0 = Release|Win32
		{6462E53C-6243-4EB0-A98B-379F14F6A338}.Debug|x64.ActiveCfg = Debug|x64
		{6462E53C-6243-4EB0-A98B-379F14F6A338}.Debug|x64.Build.0 = Debug|x64
		{6462E53C-6243-4EB0-A98B-379F14F6A338}.Debug|x86.ActiveCfg = Debug|Win32
		{6462E53C-6243-4EB0-A98B-379F14F6A338}.Debug|x86.Build.0 = Debug|Win32
		{6462E53C-6243-4EB0-A98B-379F14F6A338}.Release|x64.ActiveCfg = Release|x64
		{6462E53C-6243-4EB0-A98B-379F14F6A338}.Release|x64.Build.0 = Release|x64
		{6462E53C-6243-4EB0-A98B-379F14F6A338}.Release|x86.ActiveCfg = Release|Win32
		{6462E53C-6243-4EB0-A98B-379F14F6A338}.Release|x86.Build.0 = Release|Win32
		{CF1D38D2-2804-4FF4-BD38-CF92B75E9A15}.Debug|x64.ActiveCfg = Debug|x64
		{CF1D38D2-2804-4FF4-BD38-CF92B75E9A15}.Debug|x64.Build.0 = Debug|x64
		{CF1D38D2-2804-4FF4-BD38-CF92B75E9A15}.Debug|x86.ActiveCfg = Debug|Win32
		{CF1D38D2-2804-4FF4-BD38-CF92B75E9A15}.Debug|x86.Build.0 = Debug|Win32
		{CF1D38D2-2804-4FF4-BD38-CF92B75E9A15}.Release|x64.ActiveCfg = Release|x64
		{CF1D38D2-2804-4FF4-BD38-CF92B75E9A15}.Release|x64.Build.0 = Release|x64
		{CF1D38D2-2804-4FF4-BD38-CF92B75E9A15}.Release|x86.ActiveCfg = Release|Win32
		{CF1D38D2-2804-4FF4-BD38-CF92B75E9A15}.Release|x86.Build.0 = Release|Win32
		{87150772-C2B4-446F-AF99-1226F12C5EDE}.Debug|x64.ActiveCfg = Debug|x64
		{87150772-C2B4-446F-AF99-1226F12C5EDE}.Debug|x64.Build.0 = Debug|x64
		{87150772-C2B4-446F-AF99-1226F12C5EDE}.Debug|x86.ActiveCfg = Debug|Win32
		{87150772-C2B4-446F-AF99-1226F12C5EDE}.Debug|x86.Build.0 = Debug|Win32
		{87150772-C2B4-446F-AF99-1226F12C5EDE}.Release|x64.ActiveCfg = Release|x64
		{87150772-C2B4-446F-AF99-1226F12C5EDE}.Release|x64.Build.0 = Release|x64
		{87150772-C2B4-446F-AF99-1226F12C5EDE}.Release|x86.ActiveCfg = Release|Win32
		{87150772-C2B4-446F-AF99-1226F12C5EDE}.Release|x86.Build.0 = Release|Win32
	EndGlobalSection
	GlobalSection(SolutionProperties) = preSolution
		HideSolutionNode = FALSE
	EndGlobalSection
	GlobalSection(NestedProjects) = preSolution
		{6462E53C-6243-4EB0-A98B-379F14F6A338} = {18D5E86C-AC22-4F05-834D-EBFA39736238}
	EndGlobalSection
	GlobalSection(ExtensibilityGlobals) = postSolution
		SolutionGuid = {4691C111-BCD3-42AF-B646-5183DCEE09EC}
	EndGlobalSection
EndGlobal
