
Microsoft Visual Studio Solution File, Format Version 12.00
# Visual Studio 15
VisualStudioVersion = 15.0.28010.2026
MinimumVisualStudioVersion = 10.0.40219.1
Project("{8BC9CEB8-8B4A-11D0-8D11-00A0C91BC942}") = "CppQuiz", "CppQuiz\CppQuiz.vcxproj", "{8709B620-3A68-4021-B912-6A7FBEA23641}"
EndProject
Project("{8BC9CEB8-8B4A-11D0-8D11-00A0C91BC942}") = "Q198", "Q198\Q198.vcxproj", "{51C7C799-FE6B-4A06-A3F7-F6E8405455EF}"
EndProject
Project("{8BC9CEB8-8B4A-11D0-8D11-00A0C91BC942}") = "Q190", "Q190\Q190.vcxproj", "{AA95AD1C-1A7E-467C-A9E9-8DE7E48E21AB}"
EndProject
Project("{8BC9CEB8-8B4A-11D0-8D11-00A0C91BC942}") = "Q17", "Q17\Q17.vcxproj", "{3F9481D9-8469-4433-8AA5-7C93957DA195}"
EndProject
Project("{8BC9CEB8-8B4A-11D0-8D11-00A0C91BC942}") = "Q7", "Q7\Q7.vcxproj", "{7AA012E8-BE81-4DA0-AA23-1412722E04F6}"
EndProject
Project("{8BC9CEB8-8B4A-11D0-8D11-00A0C91BC942}") = "Q161", "Q161\Q161.vcxproj", "{611480E3-AF17-4871-9B5C-D36481C63C44}"
EndProject
Project("{8BC9CEB8-8B4A-11D0-8D11-00A0C91BC942}") = "Q26", "Q26\Q26.vcxproj", "{CF0CA255-FCAD-47C3-8F64-F97413B9F6D7}"
EndProject
Project("{8BC9CEB8-8B4A-11D0-8D11-00A0C91BC942}") = "Q41", "Q41\Q41.vcxproj", "{8B94C521-5375-4E79-BC0D-2C8C2074FD37}"
EndProject
Project("{8BC9CEB8-8B4A-11D0-8D11-00A0C91BC942}") = "Q28", "Q28\Q28.vcxproj", "{6462E53C-6243-4EB0-A98B-379F14F6A338}"
EndProject
Project("{2150E333-8FDC-42A3-9474-1A3956D46DE8}") = "important", "important", "{18D5E86C-AC22-4F05-834D-EBFA39736238}"
EndProject
Project("{8BC9CEB8-8B4A-11D0-8D11-00A0C91BC942}") = "Q6", "Q6\Q6.vcxproj", "{CF1D38D2-2804-4FF4-BD38-CF92B75E9A15}"
EndProject
Project("{8BC9CEB8-8B4A-11D0-8D11-00A0C91BC942}") = "Q153", "Q153\Q153.vcxproj", "{87150772-C2B4-446F-AF99-1226F12C5EDE}"
EndProject
Project("{8BC9CEB8-8B4A-11D0-8D11-00A0C91BC942}") = "Q126", "Q126\Q126.vcxproj", "{8ABBCDA9-E756-47ED-9087-E4344886B4F9}"
EndProject
Project("{8BC9CEB8-8B4A-11D0-8D11-00A0C91BC942}") = "Q4", "Q4\Q4.vcxproj", "{0CFD1EAB-0446-4E67-9D62-F552D18677F5}"
EndProject
Project("{8BC9CEB8-8B4A-11D0-8D11-00A0C91BC942}") = "Q44", "Q44\Q44.vcxproj", "{FC4DCBA7-E46F-46C6-BADB-A6E1DF10D83B}"
EndProject
Project("{8BC9CEB8-8B4A-11D0-8D11-00A0C91BC942}") = "Q25", "Q25\Q25.vcxproj", "{6D6D3030-45E1-45AA-87F2-2F1ED076F7A9}"
EndProject
Project("{8BC9CEB8-8B4A-11D0-8D11-00A0C91BC942}") = "Q111", "Q111\Q111.vcxproj", "{A41C66C4-FF0A-4347-B146-9D31D39D61DC}"
EndProject
Project("{8BC9CEB8-8B4A-11D0-8D11-00A0C91BC942}") = "Q112", "Q112\Q112.vcxproj", "{A227F9CE-957C-48EA-84F8-95576346D46D}"
EndProject
Project("{8BC9CEB8-8B4A-11D0-8D11-00A0C91BC942}") = "Q9", "Q9\Q9.vcxproj", "{54E9B8B1-D2EE-444B-841E-8D69B2837B64}"
EndProject
Project("{8BC9CEB8-8B4A-11D0-8D11-00A0C91BC942}") = "Q2", "Q2\Q2.vcxproj", "{D7829383-0D53-4A8F-B8A2-93E88EB71C6A}"
EndProject
Project("{8BC9CEB8-8B4A-11D0-8D11-00A0C91BC942}") = "Q114", "Q114\Q114.vcxproj", "{E70CF23E-1A74-4FD1-87A1-894B43735DD0}"
EndProject
Project("{8BC9CEB8-8B4A-11D0-8D11-00A0C91BC942}") = "Q158", "Q158\Q158.vcxproj", "{8AFBE580-E8CB-4C8E-ABC8-275F2AEC36CA}"
EndProject
Project("{8BC9CEB8-8B4A-11D0-8D11-00A0C91BC942}") = "Q116", "Q116\Q116.vcxproj", "{CD2F4FC6-5D99-45FE-BFFB-8ACF727743E7}"
EndProject
Project("{8BC9CEB8-8B4A-11D0-8D11-00A0C91BC942}") = "Q147", "Q147\Q147.vcxproj", "{C09FBC11-736F-4864-BC18-8A327534A668}"
EndProject
Project("{8BC9CEB8-8B4A-11D0-8D11-00A0C91BC942}") = "Q24", "Q24\Q24.vcxproj", "{6BF36278-7E8C-44D9-BADA-AA80D91375D2}"
EndProject
Project("{8BC9CEB8-8B4A-11D0-8D11-00A0C91BC942}") = "Q31", "Q31\Q31.vcxproj", "{E2FA69A6-8699-4B27-A285-9D80554E4731}"
EndProject
Project("{8BC9CEB8-8B4A-11D0-8D11-00A0C91BC942}") = "Q42", "Q42\Q42.vcxproj", "{D330D65F-810B-49D0-B91A-750C65ABB444}"
EndProject
Project("{8BC9CEB8-8B4A-11D0-8D11-00A0C91BC942}") = "Q160", "Q160\Q160.vcxproj", "{B9B4EF0E-0801-419A-AD61-8D8C264FD386}"
EndProject
Project("{8BC9CEB8-8B4A-11D0-8D11-00A0C91BC942}") = "Q38", "Q38\Q38.vcxproj", "{49C80113-DB04-4134-837E-1D38D34FE35A}"
EndProject
Project("{8BC9CEB8-8B4A-11D0-8D11-00A0C91BC942}") = "Q175", "Q175\Q175.vcxproj", "{6511EC07-E6D7-416E-ADD4-1DA6F0DFD4AA}"
EndProject
Project("{8BC9CEB8-8B4A-11D0-8D11-00A0C91BC942}") = "Q178", "Q178\Q178.vcxproj", "{6835B938-6855-4D4E-95AB-32D605C1E7AA}"
EndProject
Project("{8BC9CEB8-8B4A-11D0-8D11-00A0C91BC942}") = "Q185", "Q185\Q185.vcxproj", "{47A1FCF8-8E6B-4909-8179-A234FAFBDB0B}"
EndProject
Project("{8BC9CEB8-8B4A-11D0-8D11-00A0C91BC942}") = "Q219", "Q219\Q219.vcxproj", "{A6EC2A2C-5F0B-4824-8AA6-BDACCA7078A0}"
EndProject
Project("{8BC9CEB8-8B4A-11D0-8D11-00A0C91BC942}") = "Q32", "Q32\Q32.vcxproj", "{041C90C2-3E7B-4471-9C32-2F7F8C97A369}"
EndProject
Project("{8BC9CEB8-8B4A-11D0-8D11-00A0C91BC942}") = "Q3", "Q3\Q3.vcxproj", "{506336C6-B866-4540-85FD-74FA75C9B955}"
EndProject
Project("{8BC9CEB8-8B4A-11D0-8D11-00A0C91BC942}") = "Q187", "Q187\Q187.vcxproj", "{F5DEB929-C101-4506-80DD-E28D393F5F0D}"
EndProject
Project("{8BC9CEB8-8B4A-11D0-8D11-00A0C91BC942}") = "Q106", "Q106\Q106.vcxproj", "{63E6CDD6-3428-4714-8037-9D47E552941C}"
EndProject
Project("{8BC9CEB8-8B4A-11D0-8D11-00A0C91BC942}") = "Q18", "Q18\Q18.vcxproj", "{F41077DA-9D2F-41D6-8C93-E41D9D9E25B4}"
EndProject
Project("{8BC9CEB8-8B4A-11D0-8D11-00A0C91BC942}") = "Q132", "Q132\Q132.vcxproj", "{A44FAD3F-9B35-411E-86A3-B637C0A9BF72}"
EndProject
Project("{8BC9CEB8-8B4A-11D0-8D11-00A0C91BC942}") = "Q107", "Q107\Q107.vcxproj", "{3D507985-593F-464B-B71C-C7E20262DB83}"
EndProject
Project("{8BC9CEB8-8B4A-11D0-8D11-00A0C91BC942}") = "Q15", "Q15\Q15.vcxproj", "{23FD78E7-8F78-4853-AF0B-AF0846783B25}"
EndProject
Project("{8BC9CEB8-8B4A-11D0-8D11-00A0C91BC942}") = "Q226", "Q226\Q226.vcxproj", "{7739FD1A-EBD0-4207-A653-DF8ACE937E51}"
EndProject
Project("{8BC9CEB8-8B4A-11D0-8D11-00A0C91BC942}") = "Q33", "Q33\Q33.vcxproj", "{6C38F57F-5B72-4F64-9B9F-7B162156729F}"
EndProject
Project("{8BC9CEB8-8B4A-11D0-8D11-00A0C91BC942}") = "Q152", "Q152\Q152.vcxproj", "{1A9923D4-DAE0-43AB-8016-FD930272360F}"
EndProject
Project("{8BC9CEB8-8B4A-11D0-8D11-00A0C91BC942}") = "Q105", "Q105\Q105.vcxproj", "{B7BD9F4A-F25D-416C-BB9A-FBBEF4DB8040}"
EndProject
Project("{8BC9CEB8-8B4A-11D0-8D11-00A0C91BC942}") = "Q157", "Q157\Q157.vcxproj", "{7B589C54-1547-4C55-8BFD-5B9FDC85B5DA}"
EndProject
Project("{8BC9CEB8-8B4A-11D0-8D11-00A0C91BC942}") = "Q122", "Q122\Q122.vcxproj", "{289B8322-8F2D-4F2B-9640-2B0DA6CA346E}"
EndProject
Project("{8BC9CEB8-8B4A-11D0-8D11-00A0C91BC942}") = "Q192", "Q192\Q192.vcxproj", "{A688A64B-BD7B-4444-A9DB-A9776386F390}"
EndProject
Project("{8BC9CEB8-8B4A-11D0-8D11-00A0C91BC942}") = "Q12", "Q12\Q12.vcxproj", "{ADFC61D8-D7B7-4AD3-9878-8C9F42926D5E}"
EndProject
Project("{8BC9CEB8-8B4A-11D0-8D11-00A0C91BC942}") = "Q174", "Q174\Q174.vcxproj", "{5A1CDBD8-8682-47B0-9725-C3C636D09ADD}"
EndProject
Project("{8BC9CEB8-8B4A-11D0-8D11-00A0C91BC942}") = "Q164", "Q164\Q164.vcxproj", "{EC85414A-E504-4096-872C-59843DCCF2ED}"
EndProject
Project("{8BC9CEB8-8B4A-11D0-8D11-00A0C91BC942}") = "Q162", "Q162\Q162.vcxproj", "{FF1A8773-48D4-4F6F-B775-EE21C02494B5}"
EndProject
Project("{8BC9CEB8-8B4A-11D0-8D11-00A0C91BC942}") = "Q27", "Q27\Q27.vcxproj", "{8F0FBE92-A776-4334-815D-D36A43497D9C}"
EndProject
Project("{8BC9CEB8-8B4A-11D0-8D11-00A0C91BC942}") = "Q121", "Q121\Q121.vcxproj", "{23DC1553-2745-4673-8202-87B2849B3AD5}"
EndProject
Project("{8BC9CEB8-8B4A-11D0-8D11-00A0C91BC942}") = "Q133", "Q133\Q133.vcxproj", "{42701C4A-7018-4086-904A-441723CE8D5B}"
EndProject
Project("{8BC9CEB8-8B4A-11D0-8D11-00A0C91BC942}") = "Q109", "Q109\Q109.vcxproj", "{764FA106-3F7C-4212-9573-3467C6449686}"
EndProject
Project("{8BC9CEB8-8B4A-11D0-8D11-00A0C91BC942}") = "Q227", "Q227\Q227.vcxproj", "{A5BA6EFF-FD82-413E-8BE6-4F9732368489}"
EndProject
Project("{8BC9CEB8-8B4A-11D0-8D11-00A0C91BC942}") = "Q37", "Q37\Q37.vcxproj", "{E2F6C531-548A-4EF5-A65F-F2353207EF4D}"
EndProject
Project("{8BC9CEB8-8B4A-11D0-8D11-00A0C91BC942}") = "Q151", "Q151\Q151.vcxproj", "{17D88006-D70F-4F6E-9BA5-875DB6AD51A1}"
EndProject
Project("{8BC9CEB8-8B4A-11D0-8D11-00A0C91BC942}") = "Q186", "Q186\Q186.vcxproj", "{4FC4F290-1358-45B2-9A6D-2DFD4D035161}"
EndProject
Project("{8BC9CEB8-8B4A-11D0-8D11-00A0C91BC942}") = "Q205", "Q205\Q205.vcxproj", "{339BF893-17DC-4045-8DD6-BF0027ED1943}"
EndProject
Project("{8BC9CEB8-8B4A-11D0-8D11-00A0C91BC942}") = "Q52", "Q52\Q52.vcxproj", "{66968506-5B7A-40E6-A16C-A542CE868749}"
EndProject
Project("{8BC9CEB8-8B4A-11D0-8D11-00A0C91BC942}") = "Q125", "Q125\Q125.vcxproj", "{5D9054AD-DF67-45C6-8589-C221CA0BABFF}"
EndProject
Project("{8BC9CEB8-8B4A-11D0-8D11-00A0C91BC942}") = "Q177", "Q177\Q177.vcxproj", "{FA32F8FD-0C12-4910-8766-AC1CBC1D2B07}"
EndProject
Project("{8BC9CEB8-8B4A-11D0-8D11-00A0C91BC942}") = "Q163", "Q163\Q163.vcxproj", "{69B84405-C05A-47D9-B416-5AA0DE3E9F82}"
EndProject
Project("{8BC9CEB8-8B4A-11D0-8D11-00A0C91BC942}") = "Q159", "Q159\Q159.vcxproj", "{7F1CCA28-70B6-410B-A4FF-CA7759C8EE6D}"
EndProject
Project("{8BC9CEB8-8B4A-11D0-8D11-00A0C91BC942}") = "Q206", "Q206\Q206.vcxproj", "{59FF2216-65AF-4C3E-9E90-7F7E9D96F309}"
EndProject
Project("{8BC9CEB8-8B4A-11D0-8D11-00A0C91BC942}") = "Q148", "Q148\Q148.vcxproj", "{91570495-FF4B-4EA7-A61D-78E8568A3C9D}"
EndProject
<<<<<<< HEAD
Project("{8BC9CEB8-8B4A-11D0-8D11-00A0C91BC942}") = "Q224", "Q224\Q224.vcxproj", "{96D5B0B5-CB31-4EDB-8184-8FFD9EF4BF36}"
=======
Project("{8BC9CEB8-8B4A-11D0-8D11-00A0C91BC942}") = "Q29", "Q29\Q29.vcxproj", "{F789076D-B6E1-4944-9181-58B5751C3F8E}"
EndProject
Project("{8BC9CEB8-8B4A-11D0-8D11-00A0C91BC942}") = "Q184", "Q184\Q184.vcxproj", "{BD28DC92-7A31-4E6B-940B-1FED86EB1202}"
EndProject
Project("{8BC9CEB8-8B4A-11D0-8D11-00A0C91BC942}") = "Q5", "Q5\Q5.vcxproj", "{280A9825-EA34-4D26-8A75-7D5F211C396A}"
EndProject
Project("{8BC9CEB8-8B4A-11D0-8D11-00A0C91BC942}") = "Q124", "Q124\Q124.vcxproj", "{E0B1A50A-6E2F-4D91-91DA-F6C256A542AD}"
EndProject
Project("{8BC9CEB8-8B4A-11D0-8D11-00A0C91BC942}") = "Q129", "Q129\Q129.vcxproj", "{BD8B9B1D-5A7F-4DF7-ABE0-F27128DAA2DF}"
>>>>>>> 6cc608036164b8c97a36a4923459e4065633bcaf
EndProject
Global
	GlobalSection(SolutionConfigurationPlatforms) = preSolution
		Debug|x64 = Debug|x64
		Debug|x86 = Debug|x86
		Release|x64 = Release|x64
		Release|x86 = Release|x86
	EndGlobalSection
	GlobalSection(ProjectConfigurationPlatforms) = postSolution
		{8709B620-3A68-4021-B912-6A7FBEA23641}.Debug|x64.ActiveCfg = Debug|x64
		{8709B620-3A68-4021-B912-6A7FBEA23641}.Debug|x64.Build.0 = Debug|x64
		{8709B620-3A68-4021-B912-6A7FBEA23641}.Debug|x86.ActiveCfg = Debug|Win32
		{8709B620-3A68-4021-B912-6A7FBEA23641}.Debug|x86.Build.0 = Debug|Win32
		{8709B620-3A68-4021-B912-6A7FBEA23641}.Release|x64.ActiveCfg = Release|x64
		{8709B620-3A68-4021-B912-6A7FBEA23641}.Release|x64.Build.0 = Release|x64
		{8709B620-3A68-4021-B912-6A7FBEA23641}.Release|x86.ActiveCfg = Release|Win32
		{8709B620-3A68-4021-B912-6A7FBEA23641}.Release|x86.Build.0 = Release|Win32
		{51C7C799-FE6B-4A06-A3F7-F6E8405455EF}.Debug|x64.ActiveCfg = Debug|x64
		{51C7C799-FE6B-4A06-A3F7-F6E8405455EF}.Debug|x64.Build.0 = Debug|x64
		{51C7C799-FE6B-4A06-A3F7-F6E8405455EF}.Debug|x86.ActiveCfg = Debug|Win32
		{51C7C799-FE6B-4A06-A3F7-F6E8405455EF}.Debug|x86.Build.0 = Debug|Win32
		{51C7C799-FE6B-4A06-A3F7-F6E8405455EF}.Release|x64.ActiveCfg = Release|x64
		{51C7C799-FE6B-4A06-A3F7-F6E8405455EF}.Release|x64.Build.0 = Release|x64
		{51C7C799-FE6B-4A06-A3F7-F6E8405455EF}.Release|x86.ActiveCfg = Release|Win32
		{51C7C799-FE6B-4A06-A3F7-F6E8405455EF}.Release|x86.Build.0 = Release|Win32
		{AA95AD1C-1A7E-467C-A9E9-8DE7E48E21AB}.Debug|x64.ActiveCfg = Debug|x64
		{AA95AD1C-1A7E-467C-A9E9-8DE7E48E21AB}.Debug|x64.Build.0 = Debug|x64
		{AA95AD1C-1A7E-467C-A9E9-8DE7E48E21AB}.Debug|x86.ActiveCfg = Debug|Win32
		{AA95AD1C-1A7E-467C-A9E9-8DE7E48E21AB}.Debug|x86.Build.0 = Debug|Win32
		{AA95AD1C-1A7E-467C-A9E9-8DE7E48E21AB}.Release|x64.ActiveCfg = Release|x64
		{AA95AD1C-1A7E-467C-A9E9-8DE7E48E21AB}.Release|x64.Build.0 = Release|x64
		{AA95AD1C-1A7E-467C-A9E9-8DE7E48E21AB}.Release|x86.ActiveCfg = Release|Win32
		{AA95AD1C-1A7E-467C-A9E9-8DE7E48E21AB}.Release|x86.Build.0 = Release|Win32
		{3F9481D9-8469-4433-8AA5-7C93957DA195}.Debug|x64.ActiveCfg = Debug|x64
		{3F9481D9-8469-4433-8AA5-7C93957DA195}.Debug|x64.Build.0 = Debug|x64
		{3F9481D9-8469-4433-8AA5-7C93957DA195}.Debug|x86.ActiveCfg = Debug|Win32
		{3F9481D9-8469-4433-8AA5-7C93957DA195}.Debug|x86.Build.0 = Debug|Win32
		{3F9481D9-8469-4433-8AA5-7C93957DA195}.Release|x64.ActiveCfg = Release|x64
		{3F9481D9-8469-4433-8AA5-7C93957DA195}.Release|x64.Build.0 = Release|x64
		{3F9481D9-8469-4433-8AA5-7C93957DA195}.Release|x86.ActiveCfg = Release|Win32
		{3F9481D9-8469-4433-8AA5-7C93957DA195}.Release|x86.Build.0 = Release|Win32
		{7AA012E8-BE81-4DA0-AA23-1412722E04F6}.Debug|x64.ActiveCfg = Debug|x64
		{7AA012E8-BE81-4DA0-AA23-1412722E04F6}.Debug|x64.Build.0 = Debug|x64
		{7AA012E8-BE81-4DA0-AA23-1412722E04F6}.Debug|x86.ActiveCfg = Debug|Win32
		{7AA012E8-BE81-4DA0-AA23-1412722E04F6}.Debug|x86.Build.0 = Debug|Win32
		{7AA012E8-BE81-4DA0-AA23-1412722E04F6}.Release|x64.ActiveCfg = Release|x64
		{7AA012E8-BE81-4DA0-AA23-1412722E04F6}.Release|x64.Build.0 = Release|x64
		{7AA012E8-BE81-4DA0-AA23-1412722E04F6}.Release|x86.ActiveCfg = Release|Win32
		{7AA012E8-BE81-4DA0-AA23-1412722E04F6}.Release|x86.Build.0 = Release|Win32
		{611480E3-AF17-4871-9B5C-D36481C63C44}.Debug|x64.ActiveCfg = Debug|x64
		{611480E3-AF17-4871-9B5C-D36481C63C44}.Debug|x64.Build.0 = Debug|x64
		{611480E3-AF17-4871-9B5C-D36481C63C44}.Debug|x86.ActiveCfg = Debug|Win32
		{611480E3-AF17-4871-9B5C-D36481C63C44}.Debug|x86.Build.0 = Debug|Win32
		{611480E3-AF17-4871-9B5C-D36481C63C44}.Release|x64.ActiveCfg = Release|x64
		{611480E3-AF17-4871-9B5C-D36481C63C44}.Release|x64.Build.0 = Release|x64
		{611480E3-AF17-4871-9B5C-D36481C63C44}.Release|x86.ActiveCfg = Release|Win32
		{611480E3-AF17-4871-9B5C-D36481C63C44}.Release|x86.Build.0 = Release|Win32
		{CF0CA255-FCAD-47C3-8F64-F97413B9F6D7}.Debug|x64.ActiveCfg = Debug|x64
		{CF0CA255-FCAD-47C3-8F64-F97413B9F6D7}.Debug|x64.Build.0 = Debug|x64
		{CF0CA255-FCAD-47C3-8F64-F97413B9F6D7}.Debug|x86.ActiveCfg = Debug|Win32
		{CF0CA255-FCAD-47C3-8F64-F97413B9F6D7}.Debug|x86.Build.0 = Debug|Win32
		{CF0CA255-FCAD-47C3-8F64-F97413B9F6D7}.Release|x64.ActiveCfg = Release|x64
		{CF0CA255-FCAD-47C3-8F64-F97413B9F6D7}.Release|x64.Build.0 = Release|x64
		{CF0CA255-FCAD-47C3-8F64-F97413B9F6D7}.Release|x86.ActiveCfg = Release|Win32
		{CF0CA255-FCAD-47C3-8F64-F97413B9F6D7}.Release|x86.Build.0 = Release|Win32
		{8B94C521-5375-4E79-BC0D-2C8C2074FD37}.Debug|x64.ActiveCfg = Debug|x64
		{8B94C521-5375-4E79-BC0D-2C8C2074FD37}.Debug|x64.Build.0 = Debug|x64
		{8B94C521-5375-4E79-BC0D-2C8C2074FD37}.Debug|x86.ActiveCfg = Debug|Win32
		{8B94C521-5375-4E79-BC0D-2C8C2074FD37}.Debug|x86.Build.0 = Debug|Win32
		{8B94C521-5375-4E79-BC0D-2C8C2074FD37}.Release|x64.ActiveCfg = Release|x64
		{8B94C521-5375-4E79-BC0D-2C8C2074FD37}.Release|x64.Build.0 = Release|x64
		{8B94C521-5375-4E79-BC0D-2C8C2074FD37}.Release|x86.ActiveCfg = Release|Win32
		{8B94C521-5375-4E79-BC0D-2C8C2074FD37}.Release|x86.Build.0 = Release|Win32
		{6462E53C-6243-4EB0-A98B-379F14F6A338}.Debug|x64.ActiveCfg = Debug|x64
		{6462E53C-6243-4EB0-A98B-379F14F6A338}.Debug|x64.Build.0 = Debug|x64
		{6462E53C-6243-4EB0-A98B-379F14F6A338}.Debug|x86.ActiveCfg = Debug|Win32
		{6462E53C-6243-4EB0-A98B-379F14F6A338}.Debug|x86.Build.0 = Debug|Win32
		{6462E53C-6243-4EB0-A98B-379F14F6A338}.Release|x64.ActiveCfg = Release|x64
		{6462E53C-6243-4EB0-A98B-379F14F6A338}.Release|x64.Build.0 = Release|x64
		{6462E53C-6243-4EB0-A98B-379F14F6A338}.Release|x86.ActiveCfg = Release|Win32
		{6462E53C-6243-4EB0-A98B-379F14F6A338}.Release|x86.Build.0 = Release|Win32
		{CF1D38D2-2804-4FF4-BD38-CF92B75E9A15}.Debug|x64.ActiveCfg = Debug|x64
		{CF1D38D2-2804-4FF4-BD38-CF92B75E9A15}.Debug|x64.Build.0 = Debug|x64
		{CF1D38D2-2804-4FF4-BD38-CF92B75E9A15}.Debug|x86.ActiveCfg = Debug|Win32
		{CF1D38D2-2804-4FF4-BD38-CF92B75E9A15}.Debug|x86.Build.0 = Debug|Win32
		{CF1D38D2-2804-4FF4-BD38-CF92B75E9A15}.Release|x64.ActiveCfg = Release|x64
		{CF1D38D2-2804-4FF4-BD38-CF92B75E9A15}.Release|x64.Build.0 = Release|x64
		{CF1D38D2-2804-4FF4-BD38-CF92B75E9A15}.Release|x86.ActiveCfg = Release|Win32
		{CF1D38D2-2804-4FF4-BD38-CF92B75E9A15}.Release|x86.Build.0 = Release|Win32
		{87150772-C2B4-446F-AF99-1226F12C5EDE}.Debug|x64.ActiveCfg = Debug|x64
		{87150772-C2B4-446F-AF99-1226F12C5EDE}.Debug|x64.Build.0 = Debug|x64
		{87150772-C2B4-446F-AF99-1226F12C5EDE}.Debug|x86.ActiveCfg = Debug|Win32
		{87150772-C2B4-446F-AF99-1226F12C5EDE}.Debug|x86.Build.0 = Debug|Win32
		{87150772-C2B4-446F-AF99-1226F12C5EDE}.Release|x64.ActiveCfg = Release|x64
		{87150772-C2B4-446F-AF99-1226F12C5EDE}.Release|x64.Build.0 = Release|x64
		{87150772-C2B4-446F-AF99-1226F12C5EDE}.Release|x86.ActiveCfg = Release|Win32
		{87150772-C2B4-446F-AF99-1226F12C5EDE}.Release|x86.Build.0 = Release|Win32
		{8ABBCDA9-E756-47ED-9087-E4344886B4F9}.Debug|x64.ActiveCfg = Debug|x64
		{8ABBCDA9-E756-47ED-9087-E4344886B4F9}.Debug|x64.Build.0 = Debug|x64
		{8ABBCDA9-E756-47ED-9087-E4344886B4F9}.Debug|x86.ActiveCfg = Debug|Win32
		{8ABBCDA9-E756-47ED-9087-E4344886B4F9}.Debug|x86.Build.0 = Debug|Win32
		{8ABBCDA9-E756-47ED-9087-E4344886B4F9}.Release|x64.ActiveCfg = Release|x64
		{8ABBCDA9-E756-47ED-9087-E4344886B4F9}.Release|x64.Build.0 = Release|x64
		{8ABBCDA9-E756-47ED-9087-E4344886B4F9}.Release|x86.ActiveCfg = Release|Win32
		{8ABBCDA9-E756-47ED-9087-E4344886B4F9}.Release|x86.Build.0 = Release|Win32
		{0CFD1EAB-0446-4E67-9D62-F552D18677F5}.Debug|x64.ActiveCfg = Debug|x64
		{0CFD1EAB-0446-4E67-9D62-F552D18677F5}.Debug|x64.Build.0 = Debug|x64
		{0CFD1EAB-0446-4E67-9D62-F552D18677F5}.Debug|x86.ActiveCfg = Debug|Win32
		{0CFD1EAB-0446-4E67-9D62-F552D18677F5}.Debug|x86.Build.0 = Debug|Win32
		{0CFD1EAB-0446-4E67-9D62-F552D18677F5}.Release|x64.ActiveCfg = Release|x64
		{0CFD1EAB-0446-4E67-9D62-F552D18677F5}.Release|x64.Build.0 = Release|x64
		{0CFD1EAB-0446-4E67-9D62-F552D18677F5}.Release|x86.ActiveCfg = Release|Win32
		{0CFD1EAB-0446-4E67-9D62-F552D18677F5}.Release|x86.Build.0 = Release|Win32
		{FC4DCBA7-E46F-46C6-BADB-A6E1DF10D83B}.Debug|x64.ActiveCfg = Debug|x64
		{FC4DCBA7-E46F-46C6-BADB-A6E1DF10D83B}.Debug|x64.Build.0 = Debug|x64
		{FC4DCBA7-E46F-46C6-BADB-A6E1DF10D83B}.Debug|x86.ActiveCfg = Debug|Win32
		{FC4DCBA7-E46F-46C6-BADB-A6E1DF10D83B}.Debug|x86.Build.0 = Debug|Win32
		{FC4DCBA7-E46F-46C6-BADB-A6E1DF10D83B}.Release|x64.ActiveCfg = Release|x64
		{FC4DCBA7-E46F-46C6-BADB-A6E1DF10D83B}.Release|x64.Build.0 = Release|x64
		{FC4DCBA7-E46F-46C6-BADB-A6E1DF10D83B}.Release|x86.ActiveCfg = Release|Win32
		{FC4DCBA7-E46F-46C6-BADB-A6E1DF10D83B}.Release|x86.Build.0 = Release|Win32
		{6D6D3030-45E1-45AA-87F2-2F1ED076F7A9}.Debug|x64.ActiveCfg = Debug|x64
		{6D6D3030-45E1-45AA-87F2-2F1ED076F7A9}.Debug|x64.Build.0 = Debug|x64
		{6D6D3030-45E1-45AA-87F2-2F1ED076F7A9}.Debug|x86.ActiveCfg = Debug|Win32
		{6D6D3030-45E1-45AA-87F2-2F1ED076F7A9}.Debug|x86.Build.0 = Debug|Win32
		{6D6D3030-45E1-45AA-87F2-2F1ED076F7A9}.Release|x64.ActiveCfg = Release|x64
		{6D6D3030-45E1-45AA-87F2-2F1ED076F7A9}.Release|x64.Build.0 = Release|x64
		{6D6D3030-45E1-45AA-87F2-2F1ED076F7A9}.Release|x86.ActiveCfg = Release|Win32
		{6D6D3030-45E1-45AA-87F2-2F1ED076F7A9}.Release|x86.Build.0 = Release|Win32
		{A41C66C4-FF0A-4347-B146-9D31D39D61DC}.Debug|x64.ActiveCfg = Debug|x64
		{A41C66C4-FF0A-4347-B146-9D31D39D61DC}.Debug|x64.Build.0 = Debug|x64
		{A41C66C4-FF0A-4347-B146-9D31D39D61DC}.Debug|x86.ActiveCfg = Debug|Win32
		{A41C66C4-FF0A-4347-B146-9D31D39D61DC}.Debug|x86.Build.0 = Debug|Win32
		{A41C66C4-FF0A-4347-B146-9D31D39D61DC}.Release|x64.ActiveCfg = Release|x64
		{A41C66C4-FF0A-4347-B146-9D31D39D61DC}.Release|x64.Build.0 = Release|x64
		{A41C66C4-FF0A-4347-B146-9D31D39D61DC}.Release|x86.ActiveCfg = Release|Win32
		{A41C66C4-FF0A-4347-B146-9D31D39D61DC}.Release|x86.Build.0 = Release|Win32
		{A227F9CE-957C-48EA-84F8-95576346D46D}.Debug|x64.ActiveCfg = Debug|x64
		{A227F9CE-957C-48EA-84F8-95576346D46D}.Debug|x64.Build.0 = Debug|x64
		{A227F9CE-957C-48EA-84F8-95576346D46D}.Debug|x86.ActiveCfg = Debug|Win32
		{A227F9CE-957C-48EA-84F8-95576346D46D}.Debug|x86.Build.0 = Debug|Win32
		{A227F9CE-957C-48EA-84F8-95576346D46D}.Release|x64.ActiveCfg = Release|x64
		{A227F9CE-957C-48EA-84F8-95576346D46D}.Release|x64.Build.0 = Release|x64
		{A227F9CE-957C-48EA-84F8-95576346D46D}.Release|x86.ActiveCfg = Release|Win32
		{A227F9CE-957C-48EA-84F8-95576346D46D}.Release|x86.Build.0 = Release|Win32
		{54E9B8B1-D2EE-444B-841E-8D69B2837B64}.Debug|x64.ActiveCfg = Debug|x64
		{54E9B8B1-D2EE-444B-841E-8D69B2837B64}.Debug|x64.Build.0 = Debug|x64
		{54E9B8B1-D2EE-444B-841E-8D69B2837B64}.Debug|x86.ActiveCfg = Debug|Win32
		{54E9B8B1-D2EE-444B-841E-8D69B2837B64}.Debug|x86.Build.0 = Debug|Win32
		{54E9B8B1-D2EE-444B-841E-8D69B2837B64}.Release|x64.ActiveCfg = Release|x64
		{54E9B8B1-D2EE-444B-841E-8D69B2837B64}.Release|x64.Build.0 = Release|x64
		{54E9B8B1-D2EE-444B-841E-8D69B2837B64}.Release|x86.ActiveCfg = Release|Win32
		{54E9B8B1-D2EE-444B-841E-8D69B2837B64}.Release|x86.Build.0 = Release|Win32
		{D7829383-0D53-4A8F-B8A2-93E88EB71C6A}.Debug|x64.ActiveCfg = Debug|x64
		{D7829383-0D53-4A8F-B8A2-93E88EB71C6A}.Debug|x64.Build.0 = Debug|x64
		{D7829383-0D53-4A8F-B8A2-93E88EB71C6A}.Debug|x86.ActiveCfg = Debug|Win32
		{D7829383-0D53-4A8F-B8A2-93E88EB71C6A}.Debug|x86.Build.0 = Debug|Win32
		{D7829383-0D53-4A8F-B8A2-93E88EB71C6A}.Release|x64.ActiveCfg = Release|x64
		{D7829383-0D53-4A8F-B8A2-93E88EB71C6A}.Release|x64.Build.0 = Release|x64
		{D7829383-0D53-4A8F-B8A2-93E88EB71C6A}.Release|x86.ActiveCfg = Release|Win32
		{D7829383-0D53-4A8F-B8A2-93E88EB71C6A}.Release|x86.Build.0 = Release|Win32
		{E70CF23E-1A74-4FD1-87A1-894B43735DD0}.Debug|x64.ActiveCfg = Debug|x64
		{E70CF23E-1A74-4FD1-87A1-894B43735DD0}.Debug|x64.Build.0 = Debug|x64
		{E70CF23E-1A74-4FD1-87A1-894B43735DD0}.Debug|x86.ActiveCfg = Debug|Win32
		{E70CF23E-1A74-4FD1-87A1-894B43735DD0}.Debug|x86.Build.0 = Debug|Win32
		{E70CF23E-1A74-4FD1-87A1-894B43735DD0}.Release|x64.ActiveCfg = Release|x64
		{E70CF23E-1A74-4FD1-87A1-894B43735DD0}.Release|x64.Build.0 = Release|x64
		{E70CF23E-1A74-4FD1-87A1-894B43735DD0}.Release|x86.ActiveCfg = Release|Win32
		{E70CF23E-1A74-4FD1-87A1-894B43735DD0}.Release|x86.Build.0 = Release|Win32
		{8AFBE580-E8CB-4C8E-ABC8-275F2AEC36CA}.Debug|x64.ActiveCfg = Debug|x64
		{8AFBE580-E8CB-4C8E-ABC8-275F2AEC36CA}.Debug|x64.Build.0 = Debug|x64
		{8AFBE580-E8CB-4C8E-ABC8-275F2AEC36CA}.Debug|x86.ActiveCfg = Debug|Win32
		{8AFBE580-E8CB-4C8E-ABC8-275F2AEC36CA}.Debug|x86.Build.0 = Debug|Win32
		{8AFBE580-E8CB-4C8E-ABC8-275F2AEC36CA}.Release|x64.ActiveCfg = Release|x64
		{8AFBE580-E8CB-4C8E-ABC8-275F2AEC36CA}.Release|x64.Build.0 = Release|x64
		{8AFBE580-E8CB-4C8E-ABC8-275F2AEC36CA}.Release|x86.ActiveCfg = Release|Win32
		{8AFBE580-E8CB-4C8E-ABC8-275F2AEC36CA}.Release|x86.Build.0 = Release|Win32
		{CD2F4FC6-5D99-45FE-BFFB-8ACF727743E7}.Debug|x64.ActiveCfg = Debug|x64
		{CD2F4FC6-5D99-45FE-BFFB-8ACF727743E7}.Debug|x64.Build.0 = Debug|x64
		{CD2F4FC6-5D99-45FE-BFFB-8ACF727743E7}.Debug|x86.ActiveCfg = Debug|Win32
		{CD2F4FC6-5D99-45FE-BFFB-8ACF727743E7}.Debug|x86.Build.0 = Debug|Win32
		{CD2F4FC6-5D99-45FE-BFFB-8ACF727743E7}.Release|x64.ActiveCfg = Release|x64
		{CD2F4FC6-5D99-45FE-BFFB-8ACF727743E7}.Release|x64.Build.0 = Release|x64
		{CD2F4FC6-5D99-45FE-BFFB-8ACF727743E7}.Release|x86.ActiveCfg = Release|Win32
		{CD2F4FC6-5D99-45FE-BFFB-8ACF727743E7}.Release|x86.Build.0 = Release|Win32
		{C09FBC11-736F-4864-BC18-8A327534A668}.Debug|x64.ActiveCfg = Debug|x64
		{C09FBC11-736F-4864-BC18-8A327534A668}.Debug|x64.Build.0 = Debug|x64
		{C09FBC11-736F-4864-BC18-8A327534A668}.Debug|x86.ActiveCfg = Debug|Win32
		{C09FBC11-736F-4864-BC18-8A327534A668}.Debug|x86.Build.0 = Debug|Win32
		{C09FBC11-736F-4864-BC18-8A327534A668}.Release|x64.ActiveCfg = Release|x64
		{C09FBC11-736F-4864-BC18-8A327534A668}.Release|x64.Build.0 = Release|x64
		{C09FBC11-736F-4864-BC18-8A327534A668}.Release|x86.ActiveCfg = Release|Win32
		{C09FBC11-736F-4864-BC18-8A327534A668}.Release|x86.Build.0 = Release|Win32
		{6BF36278-7E8C-44D9-BADA-AA80D91375D2}.Debug|x64.ActiveCfg = Debug|x64
		{6BF36278-7E8C-44D9-BADA-AA80D91375D2}.Debug|x64.Build.0 = Debug|x64
		{6BF36278-7E8C-44D9-BADA-AA80D91375D2}.Debug|x86.ActiveCfg = Debug|Win32
		{6BF36278-7E8C-44D9-BADA-AA80D91375D2}.Debug|x86.Build.0 = Debug|Win32
		{6BF36278-7E8C-44D9-BADA-AA80D91375D2}.Release|x64.ActiveCfg = Release|x64
		{6BF36278-7E8C-44D9-BADA-AA80D91375D2}.Release|x64.Build.0 = Release|x64
		{6BF36278-7E8C-44D9-BADA-AA80D91375D2}.Release|x86.ActiveCfg = Release|Win32
		{6BF36278-7E8C-44D9-BADA-AA80D91375D2}.Release|x86.Build.0 = Release|Win32
		{E2FA69A6-8699-4B27-A285-9D80554E4731}.Debug|x64.ActiveCfg = Debug|x64
		{E2FA69A6-8699-4B27-A285-9D80554E4731}.Debug|x64.Build.0 = Debug|x64
		{E2FA69A6-8699-4B27-A285-9D80554E4731}.Debug|x86.ActiveCfg = Debug|Win32
		{E2FA69A6-8699-4B27-A285-9D80554E4731}.Debug|x86.Build.0 = Debug|Win32
		{E2FA69A6-8699-4B27-A285-9D80554E4731}.Release|x64.ActiveCfg = Release|x64
		{E2FA69A6-8699-4B27-A285-9D80554E4731}.Release|x64.Build.0 = Release|x64
		{E2FA69A6-8699-4B27-A285-9D80554E4731}.Release|x86.ActiveCfg = Release|Win32
		{E2FA69A6-8699-4B27-A285-9D80554E4731}.Release|x86.Build.0 = Release|Win32
		{D330D65F-810B-49D0-B91A-750C65ABB444}.Debug|x64.ActiveCfg = Debug|x64
		{D330D65F-810B-49D0-B91A-750C65ABB444}.Debug|x64.Build.0 = Debug|x64
		{D330D65F-810B-49D0-B91A-750C65ABB444}.Debug|x86.ActiveCfg = Debug|Win32
		{D330D65F-810B-49D0-B91A-750C65ABB444}.Debug|x86.Build.0 = Debug|Win32
		{D330D65F-810B-49D0-B91A-750C65ABB444}.Release|x64.ActiveCfg = Release|x64
		{D330D65F-810B-49D0-B91A-750C65ABB444}.Release|x64.Build.0 = Release|x64
		{D330D65F-810B-49D0-B91A-750C65ABB444}.Release|x86.ActiveCfg = Release|Win32
		{D330D65F-810B-49D0-B91A-750C65ABB444}.Release|x86.Build.0 = Release|Win32
		{B9B4EF0E-0801-419A-AD61-8D8C264FD386}.Debug|x64.ActiveCfg = Debug|x64
		{B9B4EF0E-0801-419A-AD61-8D8C264FD386}.Debug|x64.Build.0 = Debug|x64
		{B9B4EF0E-0801-419A-AD61-8D8C264FD386}.Debug|x86.ActiveCfg = Debug|Win32
		{B9B4EF0E-0801-419A-AD61-8D8C264FD386}.Debug|x86.Build.0 = Debug|Win32
		{B9B4EF0E-0801-419A-AD61-8D8C264FD386}.Release|x64.ActiveCfg = Release|x64
		{B9B4EF0E-0801-419A-AD61-8D8C264FD386}.Release|x64.Build.0 = Release|x64
		{B9B4EF0E-0801-419A-AD61-8D8C264FD386}.Release|x86.ActiveCfg = Release|Win32
		{B9B4EF0E-0801-419A-AD61-8D8C264FD386}.Release|x86.Build.0 = Release|Win32
		{49C80113-DB04-4134-837E-1D38D34FE35A}.Debug|x64.ActiveCfg = Debug|x64
		{49C80113-DB04-4134-837E-1D38D34FE35A}.Debug|x64.Build.0 = Debug|x64
		{49C80113-DB04-4134-837E-1D38D34FE35A}.Debug|x86.ActiveCfg = Debug|Win32
		{49C80113-DB04-4134-837E-1D38D34FE35A}.Debug|x86.Build.0 = Debug|Win32
		{49C80113-DB04-4134-837E-1D38D34FE35A}.Release|x64.ActiveCfg = Release|x64
		{49C80113-DB04-4134-837E-1D38D34FE35A}.Release|x64.Build.0 = Release|x64
		{49C80113-DB04-4134-837E-1D38D34FE35A}.Release|x86.ActiveCfg = Release|Win32
		{49C80113-DB04-4134-837E-1D38D34FE35A}.Release|x86.Build.0 = Release|Win32
		{6511EC07-E6D7-416E-ADD4-1DA6F0DFD4AA}.Debug|x64.ActiveCfg = Debug|x64
		{6511EC07-E6D7-416E-ADD4-1DA6F0DFD4AA}.Debug|x64.Build.0 = Debug|x64
		{6511EC07-E6D7-416E-ADD4-1DA6F0DFD4AA}.Debug|x86.ActiveCfg = Debug|Win32
		{6511EC07-E6D7-416E-ADD4-1DA6F0DFD4AA}.Debug|x86.Build.0 = Debug|Win32
		{6511EC07-E6D7-416E-ADD4-1DA6F0DFD4AA}.Release|x64.ActiveCfg = Release|x64
		{6511EC07-E6D7-416E-ADD4-1DA6F0DFD4AA}.Release|x64.Build.0 = Release|x64
		{6511EC07-E6D7-416E-ADD4-1DA6F0DFD4AA}.Release|x86.ActiveCfg = Release|Win32
		{6511EC07-E6D7-416E-ADD4-1DA6F0DFD4AA}.Release|x86.Build.0 = Release|Win32
		{6835B938-6855-4D4E-95AB-32D605C1E7AA}.Debug|x64.ActiveCfg = Debug|x64
		{6835B938-6855-4D4E-95AB-32D605C1E7AA}.Debug|x64.Build.0 = Debug|x64
		{6835B938-6855-4D4E-95AB-32D605C1E7AA}.Debug|x86.ActiveCfg = Debug|Win32
		{6835B938-6855-4D4E-95AB-32D605C1E7AA}.Debug|x86.Build.0 = Debug|Win32
		{6835B938-6855-4D4E-95AB-32D605C1E7AA}.Release|x64.ActiveCfg = Release|x64
		{6835B938-6855-4D4E-95AB-32D605C1E7AA}.Release|x64.Build.0 = Release|x64
		{6835B938-6855-4D4E-95AB-32D605C1E7AA}.Release|x86.ActiveCfg = Release|Win32
		{6835B938-6855-4D4E-95AB-32D605C1E7AA}.Release|x86.Build.0 = Release|Win32
		{47A1FCF8-8E6B-4909-8179-A234FAFBDB0B}.Debug|x64.ActiveCfg = Debug|x64
		{47A1FCF8-8E6B-4909-8179-A234FAFBDB0B}.Debug|x64.Build.0 = Debug|x64
		{47A1FCF8-8E6B-4909-8179-A234FAFBDB0B}.Debug|x86.ActiveCfg = Debug|Win32
		{47A1FCF8-8E6B-4909-8179-A234FAFBDB0B}.Debug|x86.Build.0 = Debug|Win32
		{47A1FCF8-8E6B-4909-8179-A234FAFBDB0B}.Release|x64.ActiveCfg = Release|x64
		{47A1FCF8-8E6B-4909-8179-A234FAFBDB0B}.Release|x64.Build.0 = Release|x64
		{47A1FCF8-8E6B-4909-8179-A234FAFBDB0B}.Release|x86.ActiveCfg = Release|Win32
		{47A1FCF8-8E6B-4909-8179-A234FAFBDB0B}.Release|x86.Build.0 = Release|Win32
		{A6EC2A2C-5F0B-4824-8AA6-BDACCA7078A0}.Debug|x64.ActiveCfg = Debug|x64
		{A6EC2A2C-5F0B-4824-8AA6-BDACCA7078A0}.Debug|x64.Build.0 = Debug|x64
		{A6EC2A2C-5F0B-4824-8AA6-BDACCA7078A0}.Debug|x86.ActiveCfg = Debug|Win32
		{A6EC2A2C-5F0B-4824-8AA6-BDACCA7078A0}.Debug|x86.Build.0 = Debug|Win32
		{A6EC2A2C-5F0B-4824-8AA6-BDACCA7078A0}.Release|x64.ActiveCfg = Release|x64
		{A6EC2A2C-5F0B-4824-8AA6-BDACCA7078A0}.Release|x64.Build.0 = Release|x64
		{A6EC2A2C-5F0B-4824-8AA6-BDACCA7078A0}.Release|x86.ActiveCfg = Release|Win32
		{A6EC2A2C-5F0B-4824-8AA6-BDACCA7078A0}.Release|x86.Build.0 = Release|Win32
		{041C90C2-3E7B-4471-9C32-2F7F8C97A369}.Debug|x64.ActiveCfg = Debug|x64
		{041C90C2-3E7B-4471-9C32-2F7F8C97A369}.Debug|x64.Build.0 = Debug|x64
		{041C90C2-3E7B-4471-9C32-2F7F8C97A369}.Debug|x86.ActiveCfg = Debug|Win32
		{041C90C2-3E7B-4471-9C32-2F7F8C97A369}.Debug|x86.Build.0 = Debug|Win32
		{041C90C2-3E7B-4471-9C32-2F7F8C97A369}.Release|x64.ActiveCfg = Release|x64
		{041C90C2-3E7B-4471-9C32-2F7F8C97A369}.Release|x64.Build.0 = Release|x64
		{041C90C2-3E7B-4471-9C32-2F7F8C97A369}.Release|x86.ActiveCfg = Release|Win32
		{041C90C2-3E7B-4471-9C32-2F7F8C97A369}.Release|x86.Build.0 = Release|Win32
		{506336C6-B866-4540-85FD-74FA75C9B955}.Debug|x64.ActiveCfg = Debug|x64
		{506336C6-B866-4540-85FD-74FA75C9B955}.Debug|x64.Build.0 = Debug|x64
		{506336C6-B866-4540-85FD-74FA75C9B955}.Debug|x86.ActiveCfg = Debug|Win32
		{506336C6-B866-4540-85FD-74FA75C9B955}.Debug|x86.Build.0 = Debug|Win32
		{506336C6-B866-4540-85FD-74FA75C9B955}.Release|x64.ActiveCfg = Release|x64
		{506336C6-B866-4540-85FD-74FA75C9B955}.Release|x64.Build.0 = Release|x64
		{506336C6-B866-4540-85FD-74FA75C9B955}.Release|x86.ActiveCfg = Release|Win32
		{506336C6-B866-4540-85FD-74FA75C9B955}.Release|x86.Build.0 = Release|Win32
		{F5DEB929-C101-4506-80DD-E28D393F5F0D}.Debug|x64.ActiveCfg = Debug|x64
		{F5DEB929-C101-4506-80DD-E28D393F5F0D}.Debug|x64.Build.0 = Debug|x64
		{F5DEB929-C101-4506-80DD-E28D393F5F0D}.Debug|x86.ActiveCfg = Debug|Win32
		{F5DEB929-C101-4506-80DD-E28D393F5F0D}.Debug|x86.Build.0 = Debug|Win32
		{F5DEB929-C101-4506-80DD-E28D393F5F0D}.Release|x64.ActiveCfg = Release|x64
		{F5DEB929-C101-4506-80DD-E28D393F5F0D}.Release|x64.Build.0 = Release|x64
		{F5DEB929-C101-4506-80DD-E28D393F5F0D}.Release|x86.ActiveCfg = Release|Win32
		{F5DEB929-C101-4506-80DD-E28D393F5F0D}.Release|x86.Build.0 = Release|Win32
		{63E6CDD6-3428-4714-8037-9D47E552941C}.Debug|x64.ActiveCfg = Debug|x64
		{63E6CDD6-3428-4714-8037-9D47E552941C}.Debug|x64.Build.0 = Debug|x64
		{63E6CDD6-3428-4714-8037-9D47E552941C}.Debug|x86.ActiveCfg = Debug|Win32
		{63E6CDD6-3428-4714-8037-9D47E552941C}.Debug|x86.Build.0 = Debug|Win32
		{63E6CDD6-3428-4714-8037-9D47E552941C}.Release|x64.ActiveCfg = Release|x64
		{63E6CDD6-3428-4714-8037-9D47E552941C}.Release|x64.Build.0 = Release|x64
		{63E6CDD6-3428-4714-8037-9D47E552941C}.Release|x86.ActiveCfg = Release|Win32
		{63E6CDD6-3428-4714-8037-9D47E552941C}.Release|x86.Build.0 = Release|Win32
		{F41077DA-9D2F-41D6-8C93-E41D9D9E25B4}.Debug|x64.ActiveCfg = Debug|x64
		{F41077DA-9D2F-41D6-8C93-E41D9D9E25B4}.Debug|x64.Build.0 = Debug|x64
		{F41077DA-9D2F-41D6-8C93-E41D9D9E25B4}.Debug|x86.ActiveCfg = Debug|Win32
		{F41077DA-9D2F-41D6-8C93-E41D9D9E25B4}.Debug|x86.Build.0 = Debug|Win32
		{F41077DA-9D2F-41D6-8C93-E41D9D9E25B4}.Release|x64.ActiveCfg = Release|x64
		{F41077DA-9D2F-41D6-8C93-E41D9D9E25B4}.Release|x64.Build.0 = Release|x64
		{F41077DA-9D2F-41D6-8C93-E41D9D9E25B4}.Release|x86.ActiveCfg = Release|Win32
		{F41077DA-9D2F-41D6-8C93-E41D9D9E25B4}.Release|x86.Build.0 = Release|Win32
		{A44FAD3F-9B35-411E-86A3-B637C0A9BF72}.Debug|x64.ActiveCfg = Debug|x64
		{A44FAD3F-9B35-411E-86A3-B637C0A9BF72}.Debug|x64.Build.0 = Debug|x64
		{A44FAD3F-9B35-411E-86A3-B637C0A9BF72}.Debug|x86.ActiveCfg = Debug|Win32
		{A44FAD3F-9B35-411E-86A3-B637C0A9BF72}.Debug|x86.Build.0 = Debug|Win32
		{A44FAD3F-9B35-411E-86A3-B637C0A9BF72}.Release|x64.ActiveCfg = Release|x64
		{A44FAD3F-9B35-411E-86A3-B637C0A9BF72}.Release|x64.Build.0 = Release|x64
		{A44FAD3F-9B35-411E-86A3-B637C0A9BF72}.Release|x86.ActiveCfg = Release|Win32
		{A44FAD3F-9B35-411E-86A3-B637C0A9BF72}.Release|x86.Build.0 = Release|Win32
		{3D507985-593F-464B-B71C-C7E20262DB83}.Debug|x64.ActiveCfg = Debug|x64
		{3D507985-593F-464B-B71C-C7E20262DB83}.Debug|x64.Build.0 = Debug|x64
		{3D507985-593F-464B-B71C-C7E20262DB83}.Debug|x86.ActiveCfg = Debug|Win32
		{3D507985-593F-464B-B71C-C7E20262DB83}.Debug|x86.Build.0 = Debug|Win32
		{3D507985-593F-464B-B71C-C7E20262DB83}.Release|x64.ActiveCfg = Release|x64
		{3D507985-593F-464B-B71C-C7E20262DB83}.Release|x64.Build.0 = Release|x64
		{3D507985-593F-464B-B71C-C7E20262DB83}.Release|x86.ActiveCfg = Release|Win32
		{3D507985-593F-464B-B71C-C7E20262DB83}.Release|x86.Build.0 = Release|Win32
		{23FD78E7-8F78-4853-AF0B-AF0846783B25}.Debug|x64.ActiveCfg = Debug|x64
		{23FD78E7-8F78-4853-AF0B-AF0846783B25}.Debug|x64.Build.0 = Debug|x64
		{23FD78E7-8F78-4853-AF0B-AF0846783B25}.Debug|x86.ActiveCfg = Debug|Win32
		{23FD78E7-8F78-4853-AF0B-AF0846783B25}.Debug|x86.Build.0 = Debug|Win32
		{23FD78E7-8F78-4853-AF0B-AF0846783B25}.Release|x64.ActiveCfg = Release|x64
		{23FD78E7-8F78-4853-AF0B-AF0846783B25}.Release|x64.Build.0 = Release|x64
		{23FD78E7-8F78-4853-AF0B-AF0846783B25}.Release|x86.ActiveCfg = Release|Win32
		{23FD78E7-8F78-4853-AF0B-AF0846783B25}.Release|x86.Build.0 = Release|Win32
		{7739FD1A-EBD0-4207-A653-DF8ACE937E51}.Debug|x64.ActiveCfg = Debug|x64
		{7739FD1A-EBD0-4207-A653-DF8ACE937E51}.Debug|x64.Build.0 = Debug|x64
		{7739FD1A-EBD0-4207-A653-DF8ACE937E51}.Debug|x86.ActiveCfg = Debug|Win32
		{7739FD1A-EBD0-4207-A653-DF8ACE937E51}.Debug|x86.Build.0 = Debug|Win32
		{7739FD1A-EBD0-4207-A653-DF8ACE937E51}.Release|x64.ActiveCfg = Release|x64
		{7739FD1A-EBD0-4207-A653-DF8ACE937E51}.Release|x64.Build.0 = Release|x64
		{7739FD1A-EBD0-4207-A653-DF8ACE937E51}.Release|x86.ActiveCfg = Release|Win32
		{7739FD1A-EBD0-4207-A653-DF8ACE937E51}.Release|x86.Build.0 = Release|Win32
		{6C38F57F-5B72-4F64-9B9F-7B162156729F}.Debug|x64.ActiveCfg = Debug|x64
		{6C38F57F-5B72-4F64-9B9F-7B162156729F}.Debug|x64.Build.0 = Debug|x64
		{6C38F57F-5B72-4F64-9B9F-7B162156729F}.Debug|x86.ActiveCfg = Debug|Win32
		{6C38F57F-5B72-4F64-9B9F-7B162156729F}.Debug|x86.Build.0 = Debug|Win32
		{6C38F57F-5B72-4F64-9B9F-7B162156729F}.Release|x64.ActiveCfg = Release|x64
		{6C38F57F-5B72-4F64-9B9F-7B162156729F}.Release|x64.Build.0 = Release|x64
		{6C38F57F-5B72-4F64-9B9F-7B162156729F}.Release|x86.ActiveCfg = Release|Win32
		{6C38F57F-5B72-4F64-9B9F-7B162156729F}.Release|x86.Build.0 = Release|Win32
		{1A9923D4-DAE0-43AB-8016-FD930272360F}.Debug|x64.ActiveCfg = Debug|x64
		{1A9923D4-DAE0-43AB-8016-FD930272360F}.Debug|x64.Build.0 = Debug|x64
		{1A9923D4-DAE0-43AB-8016-FD930272360F}.Debug|x86.ActiveCfg = Debug|Win32
		{1A9923D4-DAE0-43AB-8016-FD930272360F}.Debug|x86.Build.0 = Debug|Win32
		{1A9923D4-DAE0-43AB-8016-FD930272360F}.Release|x64.ActiveCfg = Release|x64
		{1A9923D4-DAE0-43AB-8016-FD930272360F}.Release|x64.Build.0 = Release|x64
		{1A9923D4-DAE0-43AB-8016-FD930272360F}.Release|x86.ActiveCfg = Release|Win32
		{1A9923D4-DAE0-43AB-8016-FD930272360F}.Release|x86.Build.0 = Release|Win32
		{B7BD9F4A-F25D-416C-BB9A-FBBEF4DB8040}.Debug|x64.ActiveCfg = Debug|x64
		{B7BD9F4A-F25D-416C-BB9A-FBBEF4DB8040}.Debug|x64.Build.0 = Debug|x64
		{B7BD9F4A-F25D-416C-BB9A-FBBEF4DB8040}.Debug|x86.ActiveCfg = Debug|Win32
		{B7BD9F4A-F25D-416C-BB9A-FBBEF4DB8040}.Debug|x86.Build.0 = Debug|Win32
		{B7BD9F4A-F25D-416C-BB9A-FBBEF4DB8040}.Release|x64.ActiveCfg = Release|x64
		{B7BD9F4A-F25D-416C-BB9A-FBBEF4DB8040}.Release|x64.Build.0 = Release|x64
		{B7BD9F4A-F25D-416C-BB9A-FBBEF4DB8040}.Release|x86.ActiveCfg = Release|Win32
		{B7BD9F4A-F25D-416C-BB9A-FBBEF4DB8040}.Release|x86.Build.0 = Release|Win32
		{7B589C54-1547-4C55-8BFD-5B9FDC85B5DA}.Debug|x64.ActiveCfg = Debug|x64
		{7B589C54-1547-4C55-8BFD-5B9FDC85B5DA}.Debug|x64.Build.0 = Debug|x64
		{7B589C54-1547-4C55-8BFD-5B9FDC85B5DA}.Debug|x86.ActiveCfg = Debug|Win32
		{7B589C54-1547-4C55-8BFD-5B9FDC85B5DA}.Debug|x86.Build.0 = Debug|Win32
		{7B589C54-1547-4C55-8BFD-5B9FDC85B5DA}.Release|x64.ActiveCfg = Release|x64
		{7B589C54-1547-4C55-8BFD-5B9FDC85B5DA}.Release|x64.Build.0 = Release|x64
		{7B589C54-1547-4C55-8BFD-5B9FDC85B5DA}.Release|x86.ActiveCfg = Release|Win32
		{7B589C54-1547-4C55-8BFD-5B9FDC85B5DA}.Release|x86.Build.0 = Release|Win32
		{289B8322-8F2D-4F2B-9640-2B0DA6CA346E}.Debug|x64.ActiveCfg = Debug|x64
		{289B8322-8F2D-4F2B-9640-2B0DA6CA346E}.Debug|x64.Build.0 = Debug|x64
		{289B8322-8F2D-4F2B-9640-2B0DA6CA346E}.Debug|x86.ActiveCfg = Debug|Win32
		{289B8322-8F2D-4F2B-9640-2B0DA6CA346E}.Debug|x86.Build.0 = Debug|Win32
		{289B8322-8F2D-4F2B-9640-2B0DA6CA346E}.Release|x64.ActiveCfg = Release|x64
		{289B8322-8F2D-4F2B-9640-2B0DA6CA346E}.Release|x64.Build.0 = Release|x64
		{289B8322-8F2D-4F2B-9640-2B0DA6CA346E}.Release|x86.ActiveCfg = Release|Win32
		{289B8322-8F2D-4F2B-9640-2B0DA6CA346E}.Release|x86.Build.0 = Release|Win32
		{A688A64B-BD7B-4444-A9DB-A9776386F390}.Debug|x64.ActiveCfg = Debug|x64
		{A688A64B-BD7B-4444-A9DB-A9776386F390}.Debug|x64.Build.0 = Debug|x64
		{A688A64B-BD7B-4444-A9DB-A9776386F390}.Debug|x86.ActiveCfg = Debug|Win32
		{A688A64B-BD7B-4444-A9DB-A9776386F390}.Debug|x86.Build.0 = Debug|Win32
		{A688A64B-BD7B-4444-A9DB-A9776386F390}.Release|x64.ActiveCfg = Release|x64
		{A688A64B-BD7B-4444-A9DB-A9776386F390}.Release|x64.Build.0 = Release|x64
		{A688A64B-BD7B-4444-A9DB-A9776386F390}.Release|x86.ActiveCfg = Release|Win32
		{A688A64B-BD7B-4444-A9DB-A9776386F390}.Release|x86.Build.0 = Release|Win32
		{ADFC61D8-D7B7-4AD3-9878-8C9F42926D5E}.Debug|x64.ActiveCfg = Debug|x64
		{ADFC61D8-D7B7-4AD3-9878-8C9F42926D5E}.Debug|x64.Build.0 = Debug|x64
		{ADFC61D8-D7B7-4AD3-9878-8C9F42926D5E}.Debug|x86.ActiveCfg = Debug|Win32
		{ADFC61D8-D7B7-4AD3-9878-8C9F42926D5E}.Debug|x86.Build.0 = Debug|Win32
		{ADFC61D8-D7B7-4AD3-9878-8C9F42926D5E}.Release|x64.ActiveCfg = Release|x64
		{ADFC61D8-D7B7-4AD3-9878-8C9F42926D5E}.Release|x64.Build.0 = Release|x64
		{ADFC61D8-D7B7-4AD3-9878-8C9F42926D5E}.Release|x86.ActiveCfg = Release|Win32
		{ADFC61D8-D7B7-4AD3-9878-8C9F42926D5E}.Release|x86.Build.0 = Release|Win32
		{5A1CDBD8-8682-47B0-9725-C3C636D09ADD}.Debug|x64.ActiveCfg = Debug|x64
		{5A1CDBD8-8682-47B0-9725-C3C636D09ADD}.Debug|x64.Build.0 = Debug|x64
		{5A1CDBD8-8682-47B0-9725-C3C636D09ADD}.Debug|x86.ActiveCfg = Debug|Win32
		{5A1CDBD8-8682-47B0-9725-C3C636D09ADD}.Debug|x86.Build.0 = Debug|Win32
		{5A1CDBD8-8682-47B0-9725-C3C636D09ADD}.Release|x64.ActiveCfg = Release|x64
		{5A1CDBD8-8682-47B0-9725-C3C636D09ADD}.Release|x64.Build.0 = Release|x64
		{5A1CDBD8-8682-47B0-9725-C3C636D09ADD}.Release|x86.ActiveCfg = Release|Win32
		{5A1CDBD8-8682-47B0-9725-C3C636D09ADD}.Release|x86.Build.0 = Release|Win32
		{EC85414A-E504-4096-872C-59843DCCF2ED}.Debug|x64.ActiveCfg = Debug|x64
		{EC85414A-E504-4096-872C-59843DCCF2ED}.Debug|x64.Build.0 = Debug|x64
		{EC85414A-E504-4096-872C-59843DCCF2ED}.Debug|x86.ActiveCfg = Debug|Win32
		{EC85414A-E504-4096-872C-59843DCCF2ED}.Debug|x86.Build.0 = Debug|Win32
		{EC85414A-E504-4096-872C-59843DCCF2ED}.Release|x64.ActiveCfg = Release|x64
		{EC85414A-E504-4096-872C-59843DCCF2ED}.Release|x64.Build.0 = Release|x64
		{EC85414A-E504-4096-872C-59843DCCF2ED}.Release|x86.ActiveCfg = Release|Win32
		{EC85414A-E504-4096-872C-59843DCCF2ED}.Release|x86.Build.0 = Release|Win32
		{FF1A8773-48D4-4F6F-B775-EE21C02494B5}.Debug|x64.ActiveCfg = Debug|x64
		{FF1A8773-48D4-4F6F-B775-EE21C02494B5}.Debug|x64.Build.0 = Debug|x64
		{FF1A8773-48D4-4F6F-B775-EE21C02494B5}.Debug|x86.ActiveCfg = Debug|Win32
		{FF1A8773-48D4-4F6F-B775-EE21C02494B5}.Debug|x86.Build.0 = Debug|Win32
		{FF1A8773-48D4-4F6F-B775-EE21C02494B5}.Release|x64.ActiveCfg = Release|x64
		{FF1A8773-48D4-4F6F-B775-EE21C02494B5}.Release|x64.Build.0 = Release|x64
		{FF1A8773-48D4-4F6F-B775-EE21C02494B5}.Release|x86.ActiveCfg = Release|Win32
		{FF1A8773-48D4-4F6F-B775-EE21C02494B5}.Release|x86.Build.0 = Release|Win32
		{8F0FBE92-A776-4334-815D-D36A43497D9C}.Debug|x64.ActiveCfg = Debug|x64
		{8F0FBE92-A776-4334-815D-D36A43497D9C}.Debug|x64.Build.0 = Debug|x64
		{8F0FBE92-A776-4334-815D-D36A43497D9C}.Debug|x86.ActiveCfg = Debug|Win32
		{8F0FBE92-A776-4334-815D-D36A43497D9C}.Debug|x86.Build.0 = Debug|Win32
		{8F0FBE92-A776-4334-815D-D36A43497D9C}.Release|x64.ActiveCfg = Release|x64
		{8F0FBE92-A776-4334-815D-D36A43497D9C}.Release|x64.Build.0 = Release|x64
		{8F0FBE92-A776-4334-815D-D36A43497D9C}.Release|x86.ActiveCfg = Release|Win32
		{8F0FBE92-A776-4334-815D-D36A43497D9C}.Release|x86.Build.0 = Release|Win32
		{23DC1553-2745-4673-8202-87B2849B3AD5}.Debug|x64.ActiveCfg = Debug|x64
		{23DC1553-2745-4673-8202-87B2849B3AD5}.Debug|x64.Build.0 = Debug|x64
		{23DC1553-2745-4673-8202-87B2849B3AD5}.Debug|x86.ActiveCfg = Debug|Win32
		{23DC1553-2745-4673-8202-87B2849B3AD5}.Debug|x86.Build.0 = Debug|Win32
		{23DC1553-2745-4673-8202-87B2849B3AD5}.Release|x64.ActiveCfg = Release|x64
		{23DC1553-2745-4673-8202-87B2849B3AD5}.Release|x64.Build.0 = Release|x64
		{23DC1553-2745-4673-8202-87B2849B3AD5}.Release|x86.ActiveCfg = Release|Win32
		{23DC1553-2745-4673-8202-87B2849B3AD5}.Release|x86.Build.0 = Release|Win32
		{42701C4A-7018-4086-904A-441723CE8D5B}.Debug|x64.ActiveCfg = Debug|x64
		{42701C4A-7018-4086-904A-441723CE8D5B}.Debug|x64.Build.0 = Debug|x64
		{42701C4A-7018-4086-904A-441723CE8D5B}.Debug|x86.ActiveCfg = Debug|Win32
		{42701C4A-7018-4086-904A-441723CE8D5B}.Debug|x86.Build.0 = Debug|Win32
		{42701C4A-7018-4086-904A-441723CE8D5B}.Release|x64.ActiveCfg = Release|x64
		{42701C4A-7018-4086-904A-441723CE8D5B}.Release|x64.Build.0 = Release|x64
		{42701C4A-7018-4086-904A-441723CE8D5B}.Release|x86.ActiveCfg = Release|Win32
		{42701C4A-7018-4086-904A-441723CE8D5B}.Release|x86.Build.0 = Release|Win32
		{764FA106-3F7C-4212-9573-3467C6449686}.Debug|x64.ActiveCfg = Debug|x64
		{764FA106-3F7C-4212-9573-3467C6449686}.Debug|x64.Build.0 = Debug|x64
		{764FA106-3F7C-4212-9573-3467C6449686}.Debug|x86.ActiveCfg = Debug|Win32
		{764FA106-3F7C-4212-9573-3467C6449686}.Debug|x86.Build.0 = Debug|Win32
		{764FA106-3F7C-4212-9573-3467C6449686}.Release|x64.ActiveCfg = Release|x64
		{764FA106-3F7C-4212-9573-3467C6449686}.Release|x64.Build.0 = Release|x64
		{764FA106-3F7C-4212-9573-3467C6449686}.Release|x86.ActiveCfg = Release|Win32
		{764FA106-3F7C-4212-9573-3467C6449686}.Release|x86.Build.0 = Release|Win32
		{A5BA6EFF-FD82-413E-8BE6-4F9732368489}.Debug|x64.ActiveCfg = Debug|x64
		{A5BA6EFF-FD82-413E-8BE6-4F9732368489}.Debug|x64.Build.0 = Debug|x64
		{A5BA6EFF-FD82-413E-8BE6-4F9732368489}.Debug|x86.ActiveCfg = Debug|Win32
		{A5BA6EFF-FD82-413E-8BE6-4F9732368489}.Debug|x86.Build.0 = Debug|Win32
		{A5BA6EFF-FD82-413E-8BE6-4F9732368489}.Release|x64.ActiveCfg = Release|x64
		{A5BA6EFF-FD82-413E-8BE6-4F9732368489}.Release|x64.Build.0 = Release|x64
		{A5BA6EFF-FD82-413E-8BE6-4F9732368489}.Release|x86.ActiveCfg = Release|Win32
		{A5BA6EFF-FD82-413E-8BE6-4F9732368489}.Release|x86.Build.0 = Release|Win32
		{E2F6C531-548A-4EF5-A65F-F2353207EF4D}.Debug|x64.ActiveCfg = Debug|x64
		{E2F6C531-548A-4EF5-A65F-F2353207EF4D}.Debug|x64.Build.0 = Debug|x64
		{E2F6C531-548A-4EF5-A65F-F2353207EF4D}.Debug|x86.ActiveCfg = Debug|Win32
		{E2F6C531-548A-4EF5-A65F-F2353207EF4D}.Debug|x86.Build.0 = Debug|Win32
		{E2F6C531-548A-4EF5-A65F-F2353207EF4D}.Release|x64.ActiveCfg = Release|x64
		{E2F6C531-548A-4EF5-A65F-F2353207EF4D}.Release|x64.Build.0 = Release|x64
		{E2F6C531-548A-4EF5-A65F-F2353207EF4D}.Release|x86.ActiveCfg = Release|Win32
		{E2F6C531-548A-4EF5-A65F-F2353207EF4D}.Release|x86.Build.0 = Release|Win32
		{17D88006-D70F-4F6E-9BA5-875DB6AD51A1}.Debug|x64.ActiveCfg = Debug|x64
		{17D88006-D70F-4F6E-9BA5-875DB6AD51A1}.Debug|x64.Build.0 = Debug|x64
		{17D88006-D70F-4F6E-9BA5-875DB6AD51A1}.Debug|x86.ActiveCfg = Debug|Win32
		{17D88006-D70F-4F6E-9BA5-875DB6AD51A1}.Debug|x86.Build.0 = Debug|Win32
		{17D88006-D70F-4F6E-9BA5-875DB6AD51A1}.Release|x64.ActiveCfg = Release|x64
		{17D88006-D70F-4F6E-9BA5-875DB6AD51A1}.Release|x64.Build.0 = Release|x64
		{17D88006-D70F-4F6E-9BA5-875DB6AD51A1}.Release|x86.ActiveCfg = Release|Win32
		{17D88006-D70F-4F6E-9BA5-875DB6AD51A1}.Release|x86.Build.0 = Release|Win32
		{4FC4F290-1358-45B2-9A6D-2DFD4D035161}.Debug|x64.ActiveCfg = Debug|x64
		{4FC4F290-1358-45B2-9A6D-2DFD4D035161}.Debug|x64.Build.0 = Debug|x64
		{4FC4F290-1358-45B2-9A6D-2DFD4D035161}.Debug|x86.ActiveCfg = Debug|Win32
		{4FC4F290-1358-45B2-9A6D-2DFD4D035161}.Debug|x86.Build.0 = Debug|Win32
		{4FC4F290-1358-45B2-9A6D-2DFD4D035161}.Release|x64.ActiveCfg = Release|x64
		{4FC4F290-1358-45B2-9A6D-2DFD4D035161}.Release|x64.Build.0 = Release|x64
		{4FC4F290-1358-45B2-9A6D-2DFD4D035161}.Release|x86.ActiveCfg = Release|Win32
		{4FC4F290-1358-45B2-9A6D-2DFD4D035161}.Release|x86.Build.0 = Release|Win32
		{339BF893-17DC-4045-8DD6-BF0027ED1943}.Debug|x64.ActiveCfg = Debug|x64
		{339BF893-17DC-4045-8DD6-BF0027ED1943}.Debug|x64.Build.0 = Debug|x64
		{339BF893-17DC-4045-8DD6-BF0027ED1943}.Debug|x86.ActiveCfg = Debug|Win32
		{339BF893-17DC-4045-8DD6-BF0027ED1943}.Debug|x86.Build.0 = Debug|Win32
		{339BF893-17DC-4045-8DD6-BF0027ED1943}.Release|x64.ActiveCfg = Release|x64
		{339BF893-17DC-4045-8DD6-BF0027ED1943}.Release|x64.Build.0 = Release|x64
		{339BF893-17DC-4045-8DD6-BF0027ED1943}.Release|x86.ActiveCfg = Release|Win32
		{339BF893-17DC-4045-8DD6-BF0027ED1943}.Release|x86.Build.0 = Release|Win32
		{66968506-5B7A-40E6-A16C-A542CE868749}.Debug|x64.ActiveCfg = Debug|x64
		{66968506-5B7A-40E6-A16C-A542CE868749}.Debug|x64.Build.0 = Debug|x64
		{66968506-5B7A-40E6-A16C-A542CE868749}.Debug|x86.ActiveCfg = Debug|Win32
		{66968506-5B7A-40E6-A16C-A542CE868749}.Debug|x86.Build.0 = Debug|Win32
		{66968506-5B7A-40E6-A16C-A542CE868749}.Release|x64.ActiveCfg = Release|x64
		{66968506-5B7A-40E6-A16C-A542CE868749}.Release|x64.Build.0 = Release|x64
		{66968506-5B7A-40E6-A16C-A542CE868749}.Release|x86.ActiveCfg = Release|Win32
		{66968506-5B7A-40E6-A16C-A542CE868749}.Release|x86.Build.0 = Release|Win32
		{5D9054AD-DF67-45C6-8589-C221CA0BABFF}.Debug|x64.ActiveCfg = Debug|x64
		{5D9054AD-DF67-45C6-8589-C221CA0BABFF}.Debug|x64.Build.0 = Debug|x64
		{5D9054AD-DF67-45C6-8589-C221CA0BABFF}.Debug|x86.ActiveCfg = Debug|Win32
		{5D9054AD-DF67-45C6-8589-C221CA0BABFF}.Debug|x86.Build.0 = Debug|Win32
		{5D9054AD-DF67-45C6-8589-C221CA0BABFF}.Release|x64.ActiveCfg = Release|x64
		{5D9054AD-DF67-45C6-8589-C221CA0BABFF}.Release|x64.Build.0 = Release|x64
		{5D9054AD-DF67-45C6-8589-C221CA0BABFF}.Release|x86.ActiveCfg = Release|Win32
		{5D9054AD-DF67-45C6-8589-C221CA0BABFF}.Release|x86.Build.0 = Release|Win32
		{FA32F8FD-0C12-4910-8766-AC1CBC1D2B07}.Debug|x64.ActiveCfg = Debug|x64
		{FA32F8FD-0C12-4910-8766-AC1CBC1D2B07}.Debug|x64.Build.0 = Debug|x64
		{FA32F8FD-0C12-4910-8766-AC1CBC1D2B07}.Debug|x86.ActiveCfg = Debug|Win32
		{FA32F8FD-0C12-4910-8766-AC1CBC1D2B07}.Debug|x86.Build.0 = Debug|Win32
		{FA32F8FD-0C12-4910-8766-AC1CBC1D2B07}.Release|x64.ActiveCfg = Release|x64
		{FA32F8FD-0C12-4910-8766-AC1CBC1D2B07}.Release|x64.Build.0 = Release|x64
		{FA32F8FD-0C12-4910-8766-AC1CBC1D2B07}.Release|x86.ActiveCfg = Release|Win32
		{FA32F8FD-0C12-4910-8766-AC1CBC1D2B07}.Release|x86.Build.0 = Release|Win32
		{69B84405-C05A-47D9-B416-5AA0DE3E9F82}.Debug|x64.ActiveCfg = Debug|x64
		{69B84405-C05A-47D9-B416-5AA0DE3E9F82}.Debug|x64.Build.0 = Debug|x64
		{69B84405-C05A-47D9-B416-5AA0DE3E9F82}.Debug|x86.ActiveCfg = Debug|Win32
		{69B84405-C05A-47D9-B416-5AA0DE3E9F82}.Debug|x86.Build.0 = Debug|Win32
		{69B84405-C05A-47D9-B416-5AA0DE3E9F82}.Release|x64.ActiveCfg = Release|x64
		{69B84405-C05A-47D9-B416-5AA0DE3E9F82}.Release|x64.Build.0 = Release|x64
		{69B84405-C05A-47D9-B416-5AA0DE3E9F82}.Release|x86.ActiveCfg = Release|Win32
		{69B84405-C05A-47D9-B416-5AA0DE3E9F82}.Release|x86.Build.0 = Release|Win32
		{7F1CCA28-70B6-410B-A4FF-CA7759C8EE6D}.Debug|x64.ActiveCfg = Debug|x64
		{7F1CCA28-70B6-410B-A4FF-CA7759C8EE6D}.Debug|x64.Build.0 = Debug|x64
		{7F1CCA28-70B6-410B-A4FF-CA7759C8EE6D}.Debug|x86.ActiveCfg = Debug|Win32
		{7F1CCA28-70B6-410B-A4FF-CA7759C8EE6D}.Debug|x86.Build.0 = Debug|Win32
		{7F1CCA28-70B6-410B-A4FF-CA7759C8EE6D}.Release|x64.ActiveCfg = Release|x64
		{7F1CCA28-70B6-410B-A4FF-CA7759C8EE6D}.Release|x64.Build.0 = Release|x64
		{7F1CCA28-70B6-410B-A4FF-CA7759C8EE6D}.Release|x86.ActiveCfg = Release|Win32
		{7F1CCA28-70B6-410B-A4FF-CA7759C8EE6D}.Release|x86.Build.0 = Release|Win32
		{59FF2216-65AF-4C3E-9E90-7F7E9D96F309}.Debug|x64.ActiveCfg = Debug|x64
		{59FF2216-65AF-4C3E-9E90-7F7E9D96F309}.Debug|x64.Build.0 = Debug|x64
		{59FF2216-65AF-4C3E-9E90-7F7E9D96F309}.Debug|x86.ActiveCfg = Debug|Win32
		{59FF2216-65AF-4C3E-9E90-7F7E9D96F309}.Debug|x86.Build.0 = Debug|Win32
		{59FF2216-65AF-4C3E-9E90-7F7E9D96F309}.Release|x64.ActiveCfg = Release|x64
		{59FF2216-65AF-4C3E-9E90-7F7E9D96F309}.Release|x64.Build.0 = Release|x64
		{59FF2216-65AF-4C3E-9E90-7F7E9D96F309}.Release|x86.ActiveCfg = Release|Win32
		{59FF2216-65AF-4C3E-9E90-7F7E9D96F309}.Release|x86.Build.0 = Release|Win32
		{91570495-FF4B-4EA7-A61D-78E8568A3C9D}.Debug|x64.ActiveCfg = Debug|x64
		{91570495-FF4B-4EA7-A61D-78E8568A3C9D}.Debug|x64.Build.0 = Debug|x64
		{91570495-FF4B-4EA7-A61D-78E8568A3C9D}.Debug|x86.ActiveCfg = Debug|Win32
		{91570495-FF4B-4EA7-A61D-78E8568A3C9D}.Debug|x86.Build.0 = Debug|Win32
		{91570495-FF4B-4EA7-A61D-78E8568A3C9D}.Release|x64.ActiveCfg = Release|x64
		{91570495-FF4B-4EA7-A61D-78E8568A3C9D}.Release|x64.Build.0 = Release|x64
		{91570495-FF4B-4EA7-A61D-78E8568A3C9D}.Release|x86.ActiveCfg = Release|Win32
		{91570495-FF4B-4EA7-A61D-78E8568A3C9D}.Release|x86.Build.0 = Release|Win32
<<<<<<< HEAD
		{96D5B0B5-CB31-4EDB-8184-8FFD9EF4BF36}.Debug|x64.ActiveCfg = Debug|x64
		{96D5B0B5-CB31-4EDB-8184-8FFD9EF4BF36}.Debug|x64.Build.0 = Debug|x64
		{96D5B0B5-CB31-4EDB-8184-8FFD9EF4BF36}.Debug|x86.ActiveCfg = Debug|Win32
		{96D5B0B5-CB31-4EDB-8184-8FFD9EF4BF36}.Debug|x86.Build.0 = Debug|Win32
		{96D5B0B5-CB31-4EDB-8184-8FFD9EF4BF36}.Release|x64.ActiveCfg = Release|x64
		{96D5B0B5-CB31-4EDB-8184-8FFD9EF4BF36}.Release|x64.Build.0 = Release|x64
		{96D5B0B5-CB31-4EDB-8184-8FFD9EF4BF36}.Release|x86.ActiveCfg = Release|Win32
		{96D5B0B5-CB31-4EDB-8184-8FFD9EF4BF36}.Release|x86.Build.0 = Release|Win32
=======
		{F789076D-B6E1-4944-9181-58B5751C3F8E}.Debug|x64.ActiveCfg = Debug|x64
		{F789076D-B6E1-4944-9181-58B5751C3F8E}.Debug|x64.Build.0 = Debug|x64
		{F789076D-B6E1-4944-9181-58B5751C3F8E}.Debug|x86.ActiveCfg = Debug|Win32
		{F789076D-B6E1-4944-9181-58B5751C3F8E}.Debug|x86.Build.0 = Debug|Win32
		{F789076D-B6E1-4944-9181-58B5751C3F8E}.Release|x64.ActiveCfg = Release|x64
		{F789076D-B6E1-4944-9181-58B5751C3F8E}.Release|x64.Build.0 = Release|x64
		{F789076D-B6E1-4944-9181-58B5751C3F8E}.Release|x86.ActiveCfg = Release|Win32
		{F789076D-B6E1-4944-9181-58B5751C3F8E}.Release|x86.Build.0 = Release|Win32
		{BD28DC92-7A31-4E6B-940B-1FED86EB1202}.Debug|x64.ActiveCfg = Debug|x64
		{BD28DC92-7A31-4E6B-940B-1FED86EB1202}.Debug|x64.Build.0 = Debug|x64
		{BD28DC92-7A31-4E6B-940B-1FED86EB1202}.Debug|x86.ActiveCfg = Debug|Win32
		{BD28DC92-7A31-4E6B-940B-1FED86EB1202}.Debug|x86.Build.0 = Debug|Win32
		{BD28DC92-7A31-4E6B-940B-1FED86EB1202}.Release|x64.ActiveCfg = Release|x64
		{BD28DC92-7A31-4E6B-940B-1FED86EB1202}.Release|x64.Build.0 = Release|x64
		{BD28DC92-7A31-4E6B-940B-1FED86EB1202}.Release|x86.ActiveCfg = Release|Win32
		{BD28DC92-7A31-4E6B-940B-1FED86EB1202}.Release|x86.Build.0 = Release|Win32
		{280A9825-EA34-4D26-8A75-7D5F211C396A}.Debug|x64.ActiveCfg = Debug|x64
		{280A9825-EA34-4D26-8A75-7D5F211C396A}.Debug|x64.Build.0 = Debug|x64
		{280A9825-EA34-4D26-8A75-7D5F211C396A}.Debug|x86.ActiveCfg = Debug|Win32
		{280A9825-EA34-4D26-8A75-7D5F211C396A}.Debug|x86.Build.0 = Debug|Win32
		{280A9825-EA34-4D26-8A75-7D5F211C396A}.Release|x64.ActiveCfg = Release|x64
		{280A9825-EA34-4D26-8A75-7D5F211C396A}.Release|x64.Build.0 = Release|x64
		{280A9825-EA34-4D26-8A75-7D5F211C396A}.Release|x86.ActiveCfg = Release|Win32
		{280A9825-EA34-4D26-8A75-7D5F211C396A}.Release|x86.Build.0 = Release|Win32
		{E0B1A50A-6E2F-4D91-91DA-F6C256A542AD}.Debug|x64.ActiveCfg = Debug|x64
		{E0B1A50A-6E2F-4D91-91DA-F6C256A542AD}.Debug|x64.Build.0 = Debug|x64
		{E0B1A50A-6E2F-4D91-91DA-F6C256A542AD}.Debug|x86.ActiveCfg = Debug|Win32
		{E0B1A50A-6E2F-4D91-91DA-F6C256A542AD}.Debug|x86.Build.0 = Debug|Win32
		{E0B1A50A-6E2F-4D91-91DA-F6C256A542AD}.Release|x64.ActiveCfg = Release|x64
		{E0B1A50A-6E2F-4D91-91DA-F6C256A542AD}.Release|x64.Build.0 = Release|x64
		{E0B1A50A-6E2F-4D91-91DA-F6C256A542AD}.Release|x86.ActiveCfg = Release|Win32
		{E0B1A50A-6E2F-4D91-91DA-F6C256A542AD}.Release|x86.Build.0 = Release|Win32
		{BD8B9B1D-5A7F-4DF7-ABE0-F27128DAA2DF}.Debug|x64.ActiveCfg = Debug|x64
		{BD8B9B1D-5A7F-4DF7-ABE0-F27128DAA2DF}.Debug|x64.Build.0 = Debug|x64
		{BD8B9B1D-5A7F-4DF7-ABE0-F27128DAA2DF}.Debug|x86.ActiveCfg = Debug|Win32
		{BD8B9B1D-5A7F-4DF7-ABE0-F27128DAA2DF}.Debug|x86.Build.0 = Debug|Win32
		{BD8B9B1D-5A7F-4DF7-ABE0-F27128DAA2DF}.Release|x64.ActiveCfg = Release|x64
		{BD8B9B1D-5A7F-4DF7-ABE0-F27128DAA2DF}.Release|x64.Build.0 = Release|x64
		{BD8B9B1D-5A7F-4DF7-ABE0-F27128DAA2DF}.Release|x86.ActiveCfg = Release|Win32
		{BD8B9B1D-5A7F-4DF7-ABE0-F27128DAA2DF}.Release|x86.Build.0 = Release|Win32
>>>>>>> 6cc608036164b8c97a36a4923459e4065633bcaf
	EndGlobalSection
	GlobalSection(SolutionProperties) = preSolution
		HideSolutionNode = FALSE
	EndGlobalSection
	GlobalSection(NestedProjects) = preSolution
		{6462E53C-6243-4EB0-A98B-379F14F6A338} = {18D5E86C-AC22-4F05-834D-EBFA39736238}
		{A44FAD3F-9B35-411E-86A3-B637C0A9BF72} = {18D5E86C-AC22-4F05-834D-EBFA39736238}
		{8F0FBE92-A776-4334-815D-D36A43497D9C} = {18D5E86C-AC22-4F05-834D-EBFA39736238}
	EndGlobalSection
	GlobalSection(ExtensibilityGlobals) = postSolution
		SolutionGuid = {4691C111-BCD3-42AF-B646-5183DCEE09EC}
	EndGlobalSection
EndGlobal
