
Microsoft Visual Studio Solution File, Format Version 12.00
# Visual Studio 15
VisualStudioVersion = 15.0.27428.2027
MinimumVisualStudioVersion = 10.0.40219.1
Project("{8BC9CEB8-8B4A-11D0-8D11-00A0C91BC942}") = "Game", "Game\Game.vcxproj", "{07DC5F26-633F-4C79-8073-73FB6FC8418E}"
EndProject
Project("{8BC9CEB8-8B4A-11D0-8D11-00A0C91BC942}") = "Engine", "Engine\Engine.vcxproj", "{49C0EA61-7DAD-4928-BA74-663BA21B266D}"
EndProject
Global
	GlobalSection(SolutionConfigurationPlatforms) = preSolution
		Debug|x64 = Debug|x64
		Debug|x86 = Debug|x86
		Release|x64 = Release|x64
		Release|x86 = Release|x86
	EndGlobalSection
	GlobalSection(ProjectConfigurationPlatforms) = postSolution
		{07DC5F26-633F-4C79-8073-73FB6FC8418E}.Debug|x64.ActiveCfg = Debug|x64
		{07DC5F26-633F-4C79-8073-73FB6FC8418E}.Debug|x64.Build.0 = Debug|x64
		{07DC5F26-633F-4C79-8073-73FB6FC8418E}.Debug|x86.ActiveCfg = Debug|Win32
		{07DC5F26-633F-4C79-8073-73FB6FC8418E}.Debug|x86.Build.0 = Debug|Win32
		{07DC5F26-633F-4C79-8073-73FB6FC8418E}.Release|x64.ActiveCfg = Release|x64
		{07DC5F26-633F-4C79-8073-73FB6FC8418E}.Release|x64.Build.0 = Release|x64
		{07DC5F26-633F-4C79-8073-73FB6FC8418E}.Release|x86.ActiveCfg = Release|Win32
		{07DC5F26-633F-4C79-8073-73FB6FC8418E}.Release|x86.Build.0 = Release|Win32
		{49C0EA61-7DAD-4928-BA74-663BA21B266D}.Debug|x64.ActiveCfg = Debug|x64
		{49C0EA61-7DAD-4928-BA74-663BA21B266D}.Debug|x64.Build.0 = Debug|x64
		{49C0EA61-7DAD-4928-BA74-663BA21B266D}.Debug|x86.ActiveCfg = Debug|Win32
		{49C0EA61-7DAD-4928-BA74-663BA21B266D}.Debug|x86.Build.0 = Debug|Win32
		{49C0EA61-7DAD-4928-BA74-663BA21B266D}.Release|x64.ActiveCfg = Release|x64
		{49C0EA61-7DAD-4928-BA74-663BA21B266D}.Release|x64.Build.0 = Release|x64
		{49C0EA61-7DAD-4928-BA74-663BA21B266D}.Release|x86.ActiveCfg = Release|Win32
		{49C0EA61-7DAD-4928-BA74-663BA21B266D}.Release|x86.Build.0 = Release|Win32
	EndGlobalSection
	GlobalSection(SolutionProperties) = preSolution
		HideSolutionNode = FALSE
	EndGlobalSection
	GlobalSection(ExtensibilityGlobals) = postSolution
		SolutionGuid = {70FE11DD-3A27-41F3-A1F0-53F534DBB017}
	EndGlobalSection
EndGlobal
