
Microsoft Visual Studio Solution File, Format Version 12.00
# Visual Studio 15
VisualStudioVersion = 15.0.28010.2003
MinimumVisualStudioVersion = 10.0.40219.1
Project("{8BC9CEB8-8B4A-11D0-8D11-00A0C91BC942}") = "EffectiveModernCpp", "EffectiveModernCpp\EffectiveModernCpp.vcxproj", "{23374CB4-81CD-46AA-B276-61C69823D726}"
EndProject
Project("{8BC9CEB8-8B4A-11D0-8D11-00A0C91BC942}") = "Item 7", "Item 7\Item 7.vcxproj", "{2637ACA9-B267-4C25-8899-EB17017FA5F9}"
EndProject
Project("{8BC9CEB8-8B4A-11D0-8D11-00A0C91BC942}") = "Introduction", "Introduction\Introduction.vcxproj", "{1174C120-E0C2-415B-9427-35DF557714A0}"
EndProject
Project("{8BC9CEB8-8B4A-11D0-8D11-00A0C91BC942}") = "RValue", "RValue\RValue.vcxproj", "{B58FC943-1BE8-4906-8195-C9F3463BA06F}"
EndProject
Project("{8BC9CEB8-8B4A-11D0-8D11-00A0C91BC942}") = "Lambda", "Lambda\Lambda.vcxproj", "{D340000F-C05B-44B5-8E93-0A8967D96C49}"
EndProject
Project("{8BC9CEB8-8B4A-11D0-8D11-00A0C91BC942}") = "Item 13 Prefer const_iterators to iterators", "Item 13 Prefer const_iterators to iterators\Item 13 Prefer const_iterators to iterators.vcxproj", "{6CD70298-305B-43B5-A91D-B88144A50D1E}"
EndProject
Project("{8BC9CEB8-8B4A-11D0-8D11-00A0C91BC942}") = "Delegating Constructor", "Delegating Constructor\Delegating Constructor.vcxproj", "{7BFE7DF5-9924-405A-901B-608E1EB70FF2}"
EndProject
Global
	GlobalSection(SolutionConfigurationPlatforms) = preSolution
		Debug|x64 = Debug|x64
		Debug|x86 = Debug|x86
		Release|x64 = Release|x64
		Release|x86 = Release|x86
	EndGlobalSection
	GlobalSection(ProjectConfigurationPlatforms) = postSolution
		{23374CB4-81CD-46AA-B276-61C69823D726}.Debug|x64.ActiveCfg = Debug|x64
		{23374CB4-81CD-46AA-B276-61C69823D726}.Debug|x64.Build.0 = Debug|x64
		{23374CB4-81CD-46AA-B276-61C69823D726}.Debug|x86.ActiveCfg = Debug|Win32
		{23374CB4-81CD-46AA-B276-61C69823D726}.Debug|x86.Build.0 = Debug|Win32
		{23374CB4-81CD-46AA-B276-61C69823D726}.Release|x64.ActiveCfg = Release|x64
		{23374CB4-81CD-46AA-B276-61C69823D726}.Release|x64.Build.0 = Release|x64
		{23374CB4-81CD-46AA-B276-61C69823D726}.Release|x86.ActiveCfg = Release|Win32
		{23374CB4-81CD-46AA-B276-61C69823D726}.Release|x86.Build.0 = Release|Win32
		{2637ACA9-B267-4C25-8899-EB17017FA5F9}.Debug|x64.ActiveCfg = Debug|x64
		{2637ACA9-B267-4C25-8899-EB17017FA5F9}.Debug|x64.Build.0 = Debug|x64
		{2637ACA9-B267-4C25-8899-EB17017FA5F9}.Debug|x86.ActiveCfg = Debug|Win32
		{2637ACA9-B267-4C25-8899-EB17017FA5F9}.Debug|x86.Build.0 = Debug|Win32
		{2637ACA9-B267-4C25-8899-EB17017FA5F9}.Release|x64.ActiveCfg = Release|x64
		{2637ACA9-B267-4C25-8899-EB17017FA5F9}.Release|x64.Build.0 = Release|x64
		{2637ACA9-B267-4C25-8899-EB17017FA5F9}.Release|x86.ActiveCfg = Release|Win32
		{2637ACA9-B267-4C25-8899-EB17017FA5F9}.Release|x86.Build.0 = Release|Win32
		{1174C120-E0C2-415B-9427-35DF557714A0}.Debug|x64.ActiveCfg = Debug|x64
		{1174C120-E0C2-415B-9427-35DF557714A0}.Debug|x64.Build.0 = Debug|x64
		{1174C120-E0C2-415B-9427-35DF557714A0}.Debug|x86.ActiveCfg = Debug|Win32
		{1174C120-E0C2-415B-9427-35DF557714A0}.Debug|x86.Build.0 = Debug|Win32
		{1174C120-E0C2-415B-9427-35DF557714A0}.Release|x64.ActiveCfg = Release|x64
		{1174C120-E0C2-415B-9427-35DF557714A0}.Release|x64.Build.0 = Release|x64
		{1174C120-E0C2-415B-9427-35DF557714A0}.Release|x86.ActiveCfg = Release|Win32
		{1174C120-E0C2-415B-9427-35DF557714A0}.Release|x86.Build.0 = Release|Win32
		{B58FC943-1BE8-4906-8195-C9F3463BA06F}.Debug|x64.ActiveCfg = Debug|x64
		{B58FC943-1BE8-4906-8195-C9F3463BA06F}.Debug|x64.Build.0 = Debug|x64
		{B58FC943-1BE8-4906-8195-C9F3463BA06F}.Debug|x86.ActiveCfg = Debug|Win32
		{B58FC943-1BE8-4906-8195-C9F3463BA06F}.Debug|x86.Build.0 = Debug|Win32
		{B58FC943-1BE8-4906-8195-C9F3463BA06F}.Release|x64.ActiveCfg = Release|x64
		{B58FC943-1BE8-4906-8195-C9F3463BA06F}.Release|x64.Build.0 = Release|x64
		{B58FC943-1BE8-4906-8195-C9F3463BA06F}.Release|x86.ActiveCfg = Release|Win32
		{B58FC943-1BE8-4906-8195-C9F3463BA06F}.Release|x86.Build.0 = Release|Win32
		{D340000F-C05B-44B5-8E93-0A8967D96C49}.Debug|x64.ActiveCfg = Debug|x64
		{D340000F-C05B-44B5-8E93-0A8967D96C49}.Debug|x64.Build.0 = Debug|x64
		{D340000F-C05B-44B5-8E93-0A8967D96C49}.Debug|x86.ActiveCfg = Debug|Win32
		{D340000F-C05B-44B5-8E93-0A8967D96C49}.Debug|x86.Build.0 = Debug|Win32
		{D340000F-C05B-44B5-8E93-0A8967D96C49}.Release|x64.ActiveCfg = Release|x64
		{D340000F-C05B-44B5-8E93-0A8967D96C49}.Release|x64.Build.0 = Release|x64
		{D340000F-C05B-44B5-8E93-0A8967D96C49}.Release|x86.ActiveCfg = Release|Win32
		{D340000F-C05B-44B5-8E93-0A8967D96C49}.Release|x86.Build.0 = Release|Win32
		{6CD70298-305B-43B5-A91D-B88144A50D1E}.Debug|x64.ActiveCfg = Debug|x64
		{6CD70298-305B-43B5-A91D-B88144A50D1E}.Debug|x64.Build.0 = Debug|x64
		{6CD70298-305B-43B5-A91D-B88144A50D1E}.Debug|x86.ActiveCfg = Debug|Win32
		{6CD70298-305B-43B5-A91D-B88144A50D1E}.Debug|x86.Build.0 = Debug|Win32
		{6CD70298-305B-43B5-A91D-B88144A50D1E}.Release|x64.ActiveCfg = Release|x64
		{6CD70298-305B-43B5-A91D-B88144A50D1E}.Release|x64.Build.0 = Release|x64
		{6CD70298-305B-43B5-A91D-B88144A50D1E}.Release|x86.ActiveCfg = Release|Win32
		{6CD70298-305B-43B5-A91D-B88144A50D1E}.Release|x86.Build.0 = Release|Win32
		{7BFE7DF5-9924-405A-901B-608E1EB70FF2}.Debug|x64.ActiveCfg = Debug|x64
		{7BFE7DF5-9924-405A-901B-608E1EB70FF2}.Debug|x64.Build.0 = Debug|x64
		{7BFE7DF5-9924-405A-901B-608E1EB70FF2}.Debug|x86.ActiveCfg = Debug|Win32
		{7BFE7DF5-9924-405A-901B-608E1EB70FF2}.Debug|x86.Build.0 = Debug|Win32
		{7BFE7DF5-9924-405A-901B-608E1EB70FF2}.Release|x64.ActiveCfg = Release|x64
		{7BFE7DF5-9924-405A-901B-608E1EB70FF2}.Release|x64.Build.0 = Release|x64
		{7BFE7DF5-9924-405A-901B-608E1EB70FF2}.Release|x86.ActiveCfg = Release|Win32
		{7BFE7DF5-9924-405A-901B-608E1EB70FF2}.Release|x86.Build.0 = Release|Win32
	EndGlobalSection
	GlobalSection(SolutionProperties) = preSolution
		HideSolutionNode = FALSE
	EndGlobalSection
	GlobalSection(ExtensibilityGlobals) = postSolution
		SolutionGuid = {D11D5222-A9D5-4F95-B04A-A39DA3B8480C}
	EndGlobalSection
EndGlobal
