
Microsoft Visual Studio Solution File, Format Version 12.00
# Visual Studio 15
VisualStudioVersion = 15.0.28010.2003
MinimumVisualStudioVersion = 10.0.40219.1
Project("{8BC9CEB8-8B4A-11D0-8D11-00A0C91BC942}") = "EffectiveModernCpp", "EffectiveModernCpp\EffectiveModernCpp.vcxproj", "{23374CB4-81CD-46AA-B276-61C69823D726}"
EndProject
Project("{8BC9CEB8-8B4A-11D0-8D11-00A0C91BC942}") = "Item 7", "Item 7\Item 7.vcxproj", "{2637ACA9-B267-4C25-8899-EB17017FA5F9}"
EndProject
Project("{8BC9CEB8-8B4A-11D0-8D11-00A0C91BC942}") = "Introduction", "Introduction\Introduction.vcxproj", "{1174C120-E0C2-415B-9427-35DF557714A0}"
EndProject
Project("{8BC9CEB8-8B4A-11D0-8D11-00A0C91BC942}") = "RValue", "RValue\RValue.vcxproj", "{B58FC943-1BE8-4906-8195-C9F3463BA06F}"
EndProject
Project("{8BC9CEB8-8B4A-11D0-8D11-00A0C91BC942}") = "Lambda", "Lambda\Lambda.vcxproj", "{D340000F-C05B-44B5-8E93-0A8967D96C49}"
EndProject
Project("{8BC9CEB8-8B4A-11D0-8D11-00A0C91BC942}") = "Item 13 Prefer const_iterators to iterators", "Item 13 Prefer const_iterators to iterators\Item 13 Prefer const_iterators to iterators.vcxproj", "{6CD70298-305B-43B5-A91D-B88144A50D1E}"
EndProject
Project("{8BC9CEB8-8B4A-11D0-8D11-00A0C91BC942}") = "Delegating Constructor", "Delegating Constructor\Delegating Constructor.vcxproj", "{7BFE7DF5-9924-405A-901B-608E1EB70FF2}"
EndProject
Project("{8BC9CEB8-8B4A-11D0-8D11-00A0C91BC942}") = "Smart Pointers (Chapter 4)", "Smart Pointers (Chapter 4)\Smart Pointers (Chapter 4).vcxproj", "{5A812F5E-FDC7-4296-8836-37B82006DD88}"
EndProject
Project("{8BC9CEB8-8B4A-11D0-8D11-00A0C91BC942}") = "Smart Pointers (Chapter 4, Item 18, Page 120)", "Smart Pointers (Chapter 4, Item 18, Page 120)\Smart Pointers (Chapter 4, Item 18, Page 120).vcxproj", "{4BEAF044-9754-4C49-8ED4-C2A2AF03A4E9}"
EndProject
Project("{8BC9CEB8-8B4A-11D0-8D11-00A0C91BC942}") = "Smart Pointers C++14 (Chapter 4, Item 18, Page 122)", "Smart Pointers C++14 (Chapter 4, Item 18, Page 122)\Smart Pointers C++14 (Chapter 4, Item 18, Page 122).vcxproj", "{BC3FA5EA-E0B2-4C74-8F35-7AFB81F85DBF}"
EndProject
Project("{8BC9CEB8-8B4A-11D0-8D11-00A0C91BC942}") = "shared_ptr", "shared_ptr\shared_ptr.vcxproj", "{5DB048B9-62D3-44C0-95BE-502F8498B934}"
EndProject
Project("{8BC9CEB8-8B4A-11D0-8D11-00A0C91BC942}") = "Playground", "Playground\Playground.vcxproj", "{59547043-8147-47EA-9C3F-4623A1D3491E}"
EndProject
Global
	GlobalSection(SolutionConfigurationPlatforms) = preSolution
		Debug|x64 = Debug|x64
		Debug|x86 = Debug|x86
		Release|x64 = Release|x64
		Release|x86 = Release|x86
	EndGlobalSection
	GlobalSection(ProjectConfigurationPlatforms) = postSolution
		{23374CB4-81CD-46AA-B276-61C69823D726}.Debug|x64.ActiveCfg = Debug|x64
		{23374CB4-81CD-46AA-B276-61C69823D726}.Debug|x64.Build.0 = Debug|x64
		{23374CB4-81CD-46AA-B276-61C69823D726}.Debug|x86.ActiveCfg = Debug|Win32
		{23374CB4-81CD-46AA-B276-61C69823D726}.Debug|x86.Build.0 = Debug|Win32
		{23374CB4-81CD-46AA-B276-61C69823D726}.Release|x64.ActiveCfg = Release|x64
		{23374CB4-81CD-46AA-B276-61C69823D726}.Release|x64.Build.0 = Release|x64
		{23374CB4-81CD-46AA-B276-61C69823D726}.Release|x86.ActiveCfg = Release|Win32
		{23374CB4-81CD-46AA-B276-61C69823D726}.Release|x86.Build.0 = Release|Win32
		{2637ACA9-B267-4C25-8899-EB17017FA5F9}.Debug|x64.ActiveCfg = Debug|x64
		{2637ACA9-B267-4C25-8899-EB17017FA5F9}.Debug|x64.Build.0 = Debug|x64
		{2637ACA9-B267-4C25-8899-EB17017FA5F9}.Debug|x86.ActiveCfg = Debug|Win32
		{2637ACA9-B267-4C25-8899-EB17017FA5F9}.Debug|x86.Build.0 = Debug|Win32
		{2637ACA9-B267-4C25-8899-EB17017FA5F9}.Release|x64.ActiveCfg = Release|x64
		{2637ACA9-B267-4C25-8899-EB17017FA5F9}.Release|x64.Build.0 = Release|x64
		{2637ACA9-B267-4C25-8899-EB17017FA5F9}.Release|x86.ActiveCfg = Release|Win32
		{2637ACA9-B267-4C25-8899-EB17017FA5F9}.Release|x86.Build.0 = Release|Win32
		{1174C120-E0C2-415B-9427-35DF557714A0}.Debug|x64.ActiveCfg = Debug|x64
		{1174C120-E0C2-415B-9427-35DF557714A0}.Debug|x64.Build.0 = Debug|x64
		{1174C120-E0C2-415B-9427-35DF557714A0}.Debug|x86.ActiveCfg = Debug|Win32
		{1174C120-E0C2-415B-9427-35DF557714A0}.Debug|x86.Build.0 = Debug|Win32
		{1174C120-E0C2-415B-9427-35DF557714A0}.Release|x64.ActiveCfg = Release|x64
		{1174C120-E0C2-415B-9427-35DF557714A0}.Release|x64.Build.0 = Release|x64
		{1174C120-E0C2-415B-9427-35DF557714A0}.Release|x86.ActiveCfg = Release|Win32
		{1174C120-E0C2-415B-9427-35DF557714A0}.Release|x86.Build.0 = Release|Win32
		{B58FC943-1BE8-4906-8195-C9F3463BA06F}.Debug|x64.ActiveCfg = Debug|x64
		{B58FC943-1BE8-4906-8195-C9F3463BA06F}.Debug|x64.Build.0 = Debug|x64
		{B58FC943-1BE8-4906-8195-C9F3463BA06F}.Debug|x86.ActiveCfg = Debug|Win32
		{B58FC943-1BE8-4906-8195-C9F3463BA06F}.Debug|x86.Build.0 = Debug|Win32
		{B58FC943-1BE8-4906-8195-C9F3463BA06F}.Release|x64.ActiveCfg = Release|x64
		{B58FC943-1BE8-4906-8195-C9F3463BA06F}.Release|x64.Build.0 = Release|x64
		{B58FC943-1BE8-4906-8195-C9F3463BA06F}.Release|x86.ActiveCfg = Release|Win32
		{B58FC943-1BE8-4906-8195-C9F3463BA06F}.Release|x86.Build.0 = Release|Win32
		{D340000F-C05B-44B5-8E93-0A8967D96C49}.Debug|x64.ActiveCfg = Debug|x64
		{D340000F-C05B-44B5-8E93-0A8967D96C49}.Debug|x64.Build.0 = Debug|x64
		{D340000F-C05B-44B5-8E93-0A8967D96C49}.Debug|x86.ActiveCfg = Debug|Win32
		{D340000F-C05B-44B5-8E93-0A8967D96C49}.Debug|x86.Build.0 = Debug|Win32
		{D340000F-C05B-44B5-8E93-0A8967D96C49}.Release|x64.ActiveCfg = Release|x64
		{D340000F-C05B-44B5-8E93-0A8967D96C49}.Release|x64.Build.0 = Release|x64
		{D340000F-C05B-44B5-8E93-0A8967D96C49}.Release|x86.ActiveCfg = Release|Win32
		{D340000F-C05B-44B5-8E93-0A8967D96C49}.Release|x86.Build.0 = Release|Win32
		{6CD70298-305B-43B5-A91D-B88144A50D1E}.Debug|x64.ActiveCfg = Debug|x64
		{6CD70298-305B-43B5-A91D-B88144A50D1E}.Debug|x64.Build.0 = Debug|x64
		{6CD70298-305B-43B5-A91D-B88144A50D1E}.Debug|x86.ActiveCfg = Debug|Win32
		{6CD70298-305B-43B5-A91D-B88144A50D1E}.Debug|x86.Build.0 = Debug|Win32
		{6CD70298-305B-43B5-A91D-B88144A50D1E}.Release|x64.ActiveCfg = Release|x64
		{6CD70298-305B-43B5-A91D-B88144A50D1E}.Release|x64.Build.0 = Release|x64
		{6CD70298-305B-43B5-A91D-B88144A50D1E}.Release|x86.ActiveCfg = Release|Win32
		{6CD70298-305B-43B5-A91D-B88144A50D1E}.Release|x86.Build.0 = Release|Win32
		{7BFE7DF5-9924-405A-901B-608E1EB70FF2}.Debug|x64.ActiveCfg = Debug|x64
		{7BFE7DF5-9924-405A-901B-608E1EB70FF2}.Debug|x64.Build.0 = Debug|x64
		{7BFE7DF5-9924-405A-901B-608E1EB70FF2}.Debug|x86.ActiveCfg = Debug|Win32
		{7BFE7DF5-9924-405A-901B-608E1EB70FF2}.Debug|x86.Build.0 = Debug|Win32
		{7BFE7DF5-9924-405A-901B-608E1EB70FF2}.Release|x64.ActiveCfg = Release|x64
		{7BFE7DF5-9924-405A-901B-608E1EB70FF2}.Release|x64.Build.0 = Release|x64
		{7BFE7DF5-9924-405A-901B-608E1EB70FF2}.Release|x86.ActiveCfg = Release|Win32
		{7BFE7DF5-9924-405A-901B-608E1EB70FF2}.Release|x86.Build.0 = Release|Win32
		{5A812F5E-FDC7-4296-8836-37B82006DD88}.Debug|x64.ActiveCfg = Debug|x64
		{5A812F5E-FDC7-4296-8836-37B82006DD88}.Debug|x64.Build.0 = Debug|x64
		{5A812F5E-FDC7-4296-8836-37B82006DD88}.Debug|x86.ActiveCfg = Debug|Win32
		{5A812F5E-FDC7-4296-8836-37B82006DD88}.Debug|x86.Build.0 = Debug|Win32
		{5A812F5E-FDC7-4296-8836-37B82006DD88}.Release|x64.ActiveCfg = Release|x64
		{5A812F5E-FDC7-4296-8836-37B82006DD88}.Release|x64.Build.0 = Release|x64
		{5A812F5E-FDC7-4296-8836-37B82006DD88}.Release|x86.ActiveCfg = Release|Win32
		{5A812F5E-FDC7-4296-8836-37B82006DD88}.Release|x86.Build.0 = Release|Win32
		{4BEAF044-9754-4C49-8ED4-C2A2AF03A4E9}.Debug|x64.ActiveCfg = Debug|x64
		{4BEAF044-9754-4C49-8ED4-C2A2AF03A4E9}.Debug|x64.Build.0 = Debug|x64
		{4BEAF044-9754-4C49-8ED4-C2A2AF03A4E9}.Debug|x86.ActiveCfg = Debug|Win32
		{4BEAF044-9754-4C49-8ED4-C2A2AF03A4E9}.Debug|x86.Build.0 = Debug|Win32
		{4BEAF044-9754-4C49-8ED4-C2A2AF03A4E9}.Release|x64.ActiveCfg = Release|x64
		{4BEAF044-9754-4C49-8ED4-C2A2AF03A4E9}.Release|x64.Build.0 = Release|x64
		{4BEAF044-9754-4C49-8ED4-C2A2AF03A4E9}.Release|x86.ActiveCfg = Release|Win32
		{4BEAF044-9754-4C49-8ED4-C2A2AF03A4E9}.Release|x86.Build.0 = Release|Win32
		{BC3FA5EA-E0B2-4C74-8F35-7AFB81F85DBF}.Debug|x64.ActiveCfg = Debug|x64
		{BC3FA5EA-E0B2-4C74-8F35-7AFB81F85DBF}.Debug|x64.Build.0 = Debug|x64
		{BC3FA5EA-E0B2-4C74-8F35-7AFB81F85DBF}.Debug|x86.ActiveCfg = Debug|Win32
		{BC3FA5EA-E0B2-4C74-8F35-7AFB81F85DBF}.Debug|x86.Build.0 = Debug|Win32
		{BC3FA5EA-E0B2-4C74-8F35-7AFB81F85DBF}.Release|x64.ActiveCfg = Release|x64
		{BC3FA5EA-E0B2-4C74-8F35-7AFB81F85DBF}.Release|x64.Build.0 = Release|x64
		{BC3FA5EA-E0B2-4C74-8F35-7AFB81F85DBF}.Release|x86.ActiveCfg = Release|Win32
		{BC3FA5EA-E0B2-4C74-8F35-7AFB81F85DBF}.Release|x86.Build.0 = Release|Win32
		{5DB048B9-62D3-44C0-95BE-502F8498B934}.Debug|x64.ActiveCfg = Debug|x64
		{5DB048B9-62D3-44C0-95BE-502F8498B934}.Debug|x64.Build.0 = Debug|x64
		{5DB048B9-62D3-44C0-95BE-502F8498B934}.Debug|x86.ActiveCfg = Debug|Win32
		{5DB048B9-62D3-44C0-95BE-502F8498B934}.Debug|x86.Build.0 = Debug|Win32
		{5DB048B9-62D3-44C0-95BE-502F8498B934}.Release|x64.ActiveCfg = Release|x64
		{5DB048B9-62D3-44C0-95BE-502F8498B934}.Release|x64.Build.0 = Release|x64
		{5DB048B9-62D3-44C0-95BE-502F8498B934}.Release|x86.ActiveCfg = Release|Win32
		{5DB048B9-62D3-44C0-95BE-502F8498B934}.Release|x86.Build.0 = Release|Win32
		{59547043-8147-47EA-9C3F-4623A1D3491E}.Debug|x64.ActiveCfg = Debug|x64
		{59547043-8147-47EA-9C3F-4623A1D3491E}.Debug|x64.Build.0 = Debug|x64
		{59547043-8147-47EA-9C3F-4623A1D3491E}.Debug|x86.ActiveCfg = Debug|Win32
		{59547043-8147-47EA-9C3F-4623A1D3491E}.Debug|x86.Build.0 = Debug|Win32
		{59547043-8147-47EA-9C3F-4623A1D3491E}.Release|x64.ActiveCfg = Release|x64
		{59547043-8147-47EA-9C3F-4623A1D3491E}.Release|x64.Build.0 = Release|x64
		{59547043-8147-47EA-9C3F-4623A1D3491E}.Release|x86.ActiveCfg = Release|Win32
		{59547043-8147-47EA-9C3F-4623A1D3491E}.Release|x86.Build.0 = Release|Win32
	EndGlobalSection
	GlobalSection(SolutionProperties) = preSolution
		HideSolutionNode = FALSE
	EndGlobalSection
	GlobalSection(ExtensibilityGlobals) = postSolution
		SolutionGuid = {D11D5222-A9D5-4F95-B04A-A39DA3B8480C}
	EndGlobalSection
EndGlobal
