
Microsoft Visual Studio Solution File, Format Version 12.00
# Visual Studio 15
VisualStudioVersion = 15.0.27130.2036
MinimumVisualStudioVersion = 10.0.40219.1
Project("{8BC9CEB8-8B4A-11D0-8D11-00A0C91BC942}") = "Loops", "Loops\Loops.vcxproj", "{50444A74-B92F-4598-85EA-3CC6713708E0}"
EndProject
Project("{8BC9CEB8-8B4A-11D0-8D11-00A0C91BC942}") = "ControlFlowStatements-continue-break-return", "ControlFlowStatements-continue-break-return\ControlFlowStatements-continue-break-return.vcxproj", "{B30BEEB1-2237-4A49-847B-EC970C1A2A01}"
EndProject
Global
	GlobalSection(SolutionConfigurationPlatforms) = preSolution
		Debug|x64 = Debug|x64
		Debug|x86 = Debug|x86
		Release|x64 = Release|x64
		Release|x86 = Release|x86
	EndGlobalSection
	GlobalSection(ProjectConfigurationPlatforms) = postSolution
		{50444A74-B92F-4598-85EA-3CC6713708E0}.Debug|x64.ActiveCfg = Debug|x64
		{50444A74-B92F-4598-85EA-3CC6713708E0}.Debug|x64.Build.0 = Debug|x64
		{50444A74-B92F-4598-85EA-3CC6713708E0}.Debug|x86.ActiveCfg = Debug|Win32
		{50444A74-B92F-4598-85EA-3CC6713708E0}.Debug|x86.Build.0 = Debug|Win32
		{50444A74-B92F-4598-85EA-3CC6713708E0}.Release|x64.ActiveCfg = Release|x64
		{50444A74-B92F-4598-85EA-3CC6713708E0}.Release|x64.Build.0 = Release|x64
		{50444A74-B92F-4598-85EA-3CC6713708E0}.Release|x86.ActiveCfg = Release|Win32
		{50444A74-B92F-4598-85EA-3CC6713708E0}.Release|x86.Build.0 = Release|Win32
		{B30BEEB1-2237-4A49-847B-EC970C1A2A01}.Debug|x64.ActiveCfg = Debug|x64
		{B30BEEB1-2237-4A49-847B-EC970C1A2A01}.Debug|x64.Build.0 = Debug|x64
		{B30BEEB1-2237-4A49-847B-EC970C1A2A01}.Debug|x86.ActiveCfg = Debug|Win32
		{B30BEEB1-2237-4A49-847B-EC970C1A2A01}.Debug|x86.Build.0 = Debug|Win32
		{B30BEEB1-2237-4A49-847B-EC970C1A2A01}.Release|x64.ActiveCfg = Release|x64
		{B30BEEB1-2237-4A49-847B-EC970C1A2A01}.Release|x64.Build.0 = Release|x64
		{B30BEEB1-2237-4A49-847B-EC970C1A2A01}.Release|x86.ActiveCfg = Release|Win32
		{B30BEEB1-2237-4A49-847B-EC970C1A2A01}.Release|x86.Build.0 = Release|Win32
	EndGlobalSection
	GlobalSection(SolutionProperties) = preSolution
		HideSolutionNode = FALSE
	EndGlobalSection
	GlobalSection(ExtensibilityGlobals) = postSolution
		SolutionGuid = {055CD14C-16DD-4728-85D7-C77EBC932244}
	EndGlobalSection
EndGlobal
