
Microsoft Visual Studio Solution File, Format Version 12.00
# Visual Studio 15
VisualStudioVersion = 15.0.27130.2027
MinimumVisualStudioVersion = 10.0.40219.1
Project("{8BC9CEB8-8B4A-11D0-8D11-00A0C91BC942}") = "Stack vs Heap", "Stack vs Heap\Stack vs Heap.vcxproj", "{267EC5B7-8ADD-4C9E-A6CF-72032F5D5727}"
EndProject
Global
	GlobalSection(SolutionConfigurationPlatforms) = preSolution
		Debug|x64 = Debug|x64
		Debug|x86 = Debug|x86
		Release|x64 = Release|x64
		Release|x86 = Release|x86
	EndGlobalSection
	GlobalSection(ProjectConfigurationPlatforms) = postSolution
		{267EC5B7-8ADD-4C9E-A6CF-72032F5D5727}.Debug|x64.ActiveCfg = Debug|x64
		{267EC5B7-8ADD-4C9E-A6CF-72032F5D5727}.Debug|x64.Build.0 = Debug|x64
		{267EC5B7-8ADD-4C9E-A6CF-72032F5D5727}.Debug|x86.ActiveCfg = Debug|Win32
		{267EC5B7-8ADD-4C9E-A6CF-72032F5D5727}.Debug|x86.Build.0 = Debug|Win32
		{267EC5B7-8ADD-4C9E-A6CF-72032F5D5727}.Release|x64.ActiveCfg = Release|x64
		{267EC5B7-8ADD-4C9E-A6CF-72032F5D5727}.Release|x64.Build.0 = Release|x64
		{267EC5B7-8ADD-4C9E-A6CF-72032F5D5727}.Release|x86.ActiveCfg = Release|Win32
		{267EC5B7-8ADD-4C9E-A6CF-72032F5D5727}.Release|x86.Build.0 = Release|Win32
	EndGlobalSection
	GlobalSection(SolutionProperties) = preSolution
		HideSolutionNode = FALSE
	EndGlobalSection
	GlobalSection(ExtensibilityGlobals) = postSolution
		SolutionGuid = {D8E61405-6CD5-45D5-A7B2-B0D4ED592426}
	EndGlobalSection
EndGlobal
