
Microsoft Visual Studio Solution File, Format Version 12.00
# Visual Studio 15
VisualStudioVersion = 15.0.27428.2037
MinimumVisualStudioVersion = 10.0.40219.1
Project("{8BC9CEB8-8B4A-11D0-8D11-00A0C91BC942}") = "Init-statement for if or switch", "Init-statement for if or switch\Init-statement for if or switch.vcxproj", "{73226BB4-2C4D-4D11-AC17-5ED631471E4D}"
EndProject
Project("{8BC9CEB8-8B4A-11D0-8D11-00A0C91BC942}") = "Structured Binding Declarations", "Structured Binding Declarations\Structured Binding Declarations.vcxproj", "{FF899CA9-A566-4ABB-89CE-DF0571E03529}"
EndProject
Project("{8BC9CEB8-8B4A-11D0-8D11-00A0C91BC942}") = "Structured Binding Declarations - Map", "Structured Binding Declarations - Map\Structured Binding Declarations - Map.vcxproj", "{4AFF12F6-52A4-43B9-B32F-C93C82785735}"
EndProject
Project("{8BC9CEB8-8B4A-11D0-8D11-00A0C91BC942}") = "Inline variables", "Inline variables\Inline variables.vcxproj", "{15C79717-3F4B-4977-A12F-3D9BC5F59D43}"
EndProject
Project("{8BC9CEB8-8B4A-11D0-8D11-00A0C91BC942}") = "constexpr if", "constexpr if\constexpr if.vcxproj", "{878DA6E4-C1AF-4C7E-B332-3D5A33EA8597}"
EndProject
Project("{8BC9CEB8-8B4A-11D0-8D11-00A0C91BC942}") = "non-type template", "non-type template\non-type template.vcxproj", "{3DC32014-058F-46B7-ADDA-804E4D4A9C6D}"
EndProject
Global
	GlobalSection(SolutionConfigurationPlatforms) = preSolution
		Debug|x64 = Debug|x64
		Debug|x86 = Debug|x86
		Release|x64 = Release|x64
		Release|x86 = Release|x86
	EndGlobalSection
	GlobalSection(ProjectConfigurationPlatforms) = postSolution
		{73226BB4-2C4D-4D11-AC17-5ED631471E4D}.Debug|x64.ActiveCfg = Debug|x64
		{73226BB4-2C4D-4D11-AC17-5ED631471E4D}.Debug|x64.Build.0 = Debug|x64
		{73226BB4-2C4D-4D11-AC17-5ED631471E4D}.Debug|x86.ActiveCfg = Debug|Win32
		{73226BB4-2C4D-4D11-AC17-5ED631471E4D}.Debug|x86.Build.0 = Debug|Win32
		{73226BB4-2C4D-4D11-AC17-5ED631471E4D}.Release|x64.ActiveCfg = Release|x64
		{73226BB4-2C4D-4D11-AC17-5ED631471E4D}.Release|x64.Build.0 = Release|x64
		{73226BB4-2C4D-4D11-AC17-5ED631471E4D}.Release|x86.ActiveCfg = Release|Win32
		{73226BB4-2C4D-4D11-AC17-5ED631471E4D}.Release|x86.Build.0 = Release|Win32
		{FF899CA9-A566-4ABB-89CE-DF0571E03529}.Debug|x64.ActiveCfg = Debug|x64
		{FF899CA9-A566-4ABB-89CE-DF0571E03529}.Debug|x64.Build.0 = Debug|x64
		{FF899CA9-A566-4ABB-89CE-DF0571E03529}.Debug|x86.ActiveCfg = Debug|Win32
		{FF899CA9-A566-4ABB-89CE-DF0571E03529}.Debug|x86.Build.0 = Debug|Win32
		{FF899CA9-A566-4ABB-89CE-DF0571E03529}.Release|x64.ActiveCfg = Release|x64
		{FF899CA9-A566-4ABB-89CE-DF0571E03529}.Release|x64.Build.0 = Release|x64
		{FF899CA9-A566-4ABB-89CE-DF0571E03529}.Release|x86.ActiveCfg = Release|Win32
		{FF899CA9-A566-4ABB-89CE-DF0571E03529}.Release|x86.Build.0 = Release|Win32
		{4AFF12F6-52A4-43B9-B32F-C93C82785735}.Debug|x64.ActiveCfg = Debug|x64
		{4AFF12F6-52A4-43B9-B32F-C93C82785735}.Debug|x64.Build.0 = Debug|x64
		{4AFF12F6-52A4-43B9-B32F-C93C82785735}.Debug|x86.ActiveCfg = Debug|Win32
		{4AFF12F6-52A4-43B9-B32F-C93C82785735}.Debug|x86.Build.0 = Debug|Win32
		{4AFF12F6-52A4-43B9-B32F-C93C82785735}.Release|x64.ActiveCfg = Release|x64
		{4AFF12F6-52A4-43B9-B32F-C93C82785735}.Release|x64.Build.0 = Release|x64
		{4AFF12F6-52A4-43B9-B32F-C93C82785735}.Release|x86.ActiveCfg = Release|Win32
		{4AFF12F6-52A4-43B9-B32F-C93C82785735}.Release|x86.Build.0 = Release|Win32
		{15C79717-3F4B-4977-A12F-3D9BC5F59D43}.Debug|x64.ActiveCfg = Debug|x64
		{15C79717-3F4B-4977-A12F-3D9BC5F59D43}.Debug|x64.Build.0 = Debug|x64
		{15C79717-3F4B-4977-A12F-3D9BC5F59D43}.Debug|x86.ActiveCfg = Debug|Win32
		{15C79717-3F4B-4977-A12F-3D9BC5F59D43}.Debug|x86.Build.0 = Debug|Win32
		{15C79717-3F4B-4977-A12F-3D9BC5F59D43}.Release|x64.ActiveCfg = Release|x64
		{15C79717-3F4B-4977-A12F-3D9BC5F59D43}.Release|x64.Build.0 = Release|x64
		{15C79717-3F4B-4977-A12F-3D9BC5F59D43}.Release|x86.ActiveCfg = Release|Win32
		{15C79717-3F4B-4977-A12F-3D9BC5F59D43}.Release|x86.Build.0 = Release|Win32
		{878DA6E4-C1AF-4C7E-B332-3D5A33EA8597}.Debug|x64.ActiveCfg = Debug|x64
		{878DA6E4-C1AF-4C7E-B332-3D5A33EA8597}.Debug|x64.Build.0 = Debug|x64
		{878DA6E4-C1AF-4C7E-B332-3D5A33EA8597}.Debug|x86.ActiveCfg = Debug|Win32
		{878DA6E4-C1AF-4C7E-B332-3D5A33EA8597}.Debug|x86.Build.0 = Debug|Win32
		{878DA6E4-C1AF-4C7E-B332-3D5A33EA8597}.Release|x64.ActiveCfg = Release|x64
		{878DA6E4-C1AF-4C7E-B332-3D5A33EA8597}.Release|x64.Build.0 = Release|x64
		{878DA6E4-C1AF-4C7E-B332-3D5A33EA8597}.Release|x86.ActiveCfg = Release|Win32
		{878DA6E4-C1AF-4C7E-B332-3D5A33EA8597}.Release|x86.Build.0 = Release|Win32
		{3DC32014-058F-46B7-ADDA-804E4D4A9C6D}.Debug|x64.ActiveCfg = Debug|x64
		{3DC32014-058F-46B7-ADDA-804E4D4A9C6D}.Debug|x64.Build.0 = Debug|x64
		{3DC32014-058F-46B7-ADDA-804E4D4A9C6D}.Debug|x86.ActiveCfg = Debug|Win32
		{3DC32014-058F-46B7-ADDA-804E4D4A9C6D}.Debug|x86.Build.0 = Debug|Win32
		{3DC32014-058F-46B7-ADDA-804E4D4A9C6D}.Release|x64.ActiveCfg = Release|x64
		{3DC32014-058F-46B7-ADDA-804E4D4A9C6D}.Release|x64.Build.0 = Release|x64
		{3DC32014-058F-46B7-ADDA-804E4D4A9C6D}.Release|x86.ActiveCfg = Release|Win32
		{3DC32014-058F-46B7-ADDA-804E4D4A9C6D}.Release|x86.Build.0 = Release|Win32
	EndGlobalSection
	GlobalSection(SolutionProperties) = preSolution
		HideSolutionNode = FALSE
	EndGlobalSection
	GlobalSection(ExtensibilityGlobals) = postSolution
		SolutionGuid = {0C07CE59-0D83-4D83-AF71-C109C524D58E}
	EndGlobalSection
EndGlobal
